<?xml version="1.0" encoding="utf-8"?>
<Project ToolsVersion="4.0" xmlns="http://schemas.microsoft.com/developer/msbuild/2003">
  <ItemGroup>
    <Filter Include="Source Files">
      <UniqueIdentifier>{07934a85-8b61-443d-a0ee-b2eedb74f3cd}</UniqueIdentifier>
      <Extensions>cpp;c;cxx;rc;def;r;odl;hpj;bat;for;f90</Extensions>
    </Filter>
    <Filter Include="Header Files">
      <UniqueIdentifier>{1d99675b-433d-4a21-9e50-ed4ab8b19762}</UniqueIdentifier>
      <Extensions>h;hpp;hxx;hm;inl;fi;fd</Extensions>
    </Filter>
    <Filter Include="Resource Files">
      <UniqueIdentifier>{431c0958-fa71-44d0-9084-2d19d100c0cc}</UniqueIdentifier>
      <Extensions>ico;cur;bmp;dlg;rc2;rct;bin;cnt;rtf;gif;jpg;jpeg;jpe</Extensions>
    </Filter>
  </ItemGroup>
  <ItemGroup>
    <ClCompile Include="$(IcuSrcDir)\source\common\ubidi.c">
      <Filter>Source Files</Filter>
    </ClCompile>
    <ClCompile Include="$(IcuSrcDir)\source\common\ubidi_props.c">
      <Filter>Source Files</Filter>
    </ClCompile>
    <ClCompile Include="$(IcuSrcDir)\source\common\ubidiln.c">
      <Filter>Source Files</Filter>
    </ClCompile>
    <ClCompile Include="$(IcuSrcDir)\source\common\ubidiwrt.c">
      <Filter>Source Files</Filter>
    </ClCompile>
    <ClCompile Include="$(IcuSrcDir)\source\common\ushape.cpp">
      <Filter>Source Files</Filter>
    </ClCompile>
    <ClCompile Include="$(IcuSrcDir)\source\common\brkeng.cpp">
      <Filter>Source Files</Filter>
    </ClCompile>
    <ClCompile Include="$(IcuSrcDir)\source\common\brkiter.cpp">
      <Filter>Source Files</Filter>
    </ClCompile>
    <ClCompile Include="$(IcuSrcDir)\source\common\dictbe.cpp">
      <Filter>Source Files</Filter>
    </ClCompile>
    <ClCompile Include="$(IcuSrcDir)\source\common\rbbi.cpp">
      <Filter>Source Files</Filter>
    </ClCompile>
    <ClCompile Include="$(IcuSrcDir)\source\common\rbbidata.cpp">
      <Filter>Source Files</Filter>
    </ClCompile>
    <ClCompile Include="$(IcuSrcDir)\source\common\rbbinode.cpp">
      <Filter>Source Files</Filter>
    </ClCompile>
    <ClCompile Include="$(IcuSrcDir)\source\common\rbbirb.cpp">
      <Filter>Source Files</Filter>
    </ClCompile>
    <ClCompile Include="$(IcuSrcDir)\source\common\rbbiscan.cpp">
      <Filter>Source Files</Filter>
    </ClCompile>
    <ClCompile Include="$(IcuSrcDir)\source\common\rbbisetb.cpp">
      <Filter>Source Files</Filter>
    </ClCompile>
    <ClCompile Include="$(IcuSrcDir)\source\common\rbbistbl.cpp">
      <Filter>Source Files</Filter>
    </ClCompile>
    <ClCompile Include="$(IcuSrcDir)\source\common\rbbitblb.cpp">
      <Filter>Source Files</Filter>
    </ClCompile>
    <ClCompile Include="$(IcuSrcDir)\source\common\dictionarydata.cpp">
      <Filter>Source Files</Filter>
    </ClCompile>
    <ClCompile Include="$(IcuSrcDir)\source\common\ubrk.cpp">
      <Filter>Source Files</Filter>
    </ClCompile>
    <ClCompile Include="$(IcuSrcDir)\source\common\ucol_swp.cpp">
      <Filter>Source Files</Filter>
    </ClCompile>
    <ClCompile Include="$(IcuSrcDir)\source\common\propsvec.c">
      <Filter>Source Files</Filter>
    </ClCompile>
    <ClCompile Include="$(IcuSrcDir)\source\common\uarrsort.c">
      <Filter>Source Files</Filter>
    </ClCompile>
    <ClCompile Include="$(IcuSrcDir)\source\common\uenum.c">
      <Filter>Source Files</Filter>
    </ClCompile>
    <ClCompile Include="$(IcuSrcDir)\source\common\uhash.c">
      <Filter>Source Files</Filter>
    </ClCompile>
    <ClCompile Include="$(IcuSrcDir)\source\common\uhash_us.cpp">
      <Filter>Source Files</Filter>
    </ClCompile>
    <ClCompile Include="$(IcuSrcDir)\source\common\ulist.c">
      <Filter>Source Files</Filter>
    </ClCompile>
    <ClCompile Include="$(IcuSrcDir)\source\common\ustack.cpp">
      <Filter>Source Files</Filter>
    </ClCompile>
    <ClCompile Include="$(IcuSrcDir)\source\common\ustrenum.cpp">
      <Filter>Source Files</Filter>
    </ClCompile>
    <ClCompile Include="$(IcuSrcDir)\source\common\utrie.cpp">
      <Filter>Source Files</Filter>
    </ClCompile>
    <ClCompile Include="$(IcuSrcDir)\source\common\utrie2.cpp">
      <Filter>Source Files</Filter>
    </ClCompile>
    <ClCompile Include="$(IcuSrcDir)\source\common\utrie2_builder.cpp">
      <Filter>Source Files</Filter>
    </ClCompile>
    <ClCompile Include="$(IcuSrcDir)\source\common\uvector.cpp">
      <Filter>Source Files</Filter>
    </ClCompile>
    <ClCompile Include="$(IcuSrcDir)\source\common\uvectr32.cpp">
      <Filter>Source Files</Filter>
    </ClCompile>
    <ClCompile Include="$(IcuSrcDir)\source\common\uvectr64.cpp">
      <Filter>Source Files</Filter>
    </ClCompile>
    <ClCompile Include="$(IcuSrcDir)\source\common\errorcode.cpp">
      <Filter>Source Files</Filter>
    </ClCompile>
    <ClCompile Include="$(IcuSrcDir)\source\common\icudataver.c">
      <Filter>Source Files</Filter>
    </ClCompile>
    <ClCompile Include="$(IcuSrcDir)\source\common\locmap.c">
      <Filter>Source Files</Filter>
    </ClCompile>
    <ClCompile Include="$(IcuSrcDir)\source\common\mutex.cpp">
      <Filter>Source Files</Filter>
    </ClCompile>
    <ClCompile Include="$(IcuSrcDir)\source\common\putil.cpp">
      <Filter>Source Files</Filter>
    </ClCompile>
    <ClCompile Include="$(IcuSrcDir)\source\common\umath.c">
      <Filter>Source Files</Filter>
    </ClCompile>
    <ClCompile Include="$(IcuSrcDir)\source\common\umutex.cpp">
      <Filter>Source Files</Filter>
    </ClCompile>
    <ClCompile Include="$(IcuSrcDir)\source\common\utrace.c">
      <Filter>Source Files</Filter>
    </ClCompile>
    <ClCompile Include="$(IcuSrcDir)\source\common\utypes.c">
      <Filter>Source Files</Filter>
    </ClCompile>
    <ClCompile Include="$(IcuSrcDir)\source\common\wintz.c">
      <Filter>Source Files</Filter>
    </ClCompile>
    <ClCompile Include="$(IcuSrcDir)\source\common\ucnv.c">
      <Filter>Source Files</Filter>
    </ClCompile>
    <ClCompile Include="$(IcuSrcDir)\source\common\ucnv2022.cpp">
      <Filter>Source Files</Filter>
    </ClCompile>
    <ClCompile Include="$(IcuSrcDir)\source\common\ucnv_bld.cpp">
      <Filter>Source Files</Filter>
    </ClCompile>
    <ClCompile Include="$(IcuSrcDir)\source\common\ucnv_cb.c">
      <Filter>Source Files</Filter>
    </ClCompile>
    <ClCompile Include="$(IcuSrcDir)\source\common\ucnv_cnv.c">
      <Filter>Source Files</Filter>
    </ClCompile>
    <ClCompile Include="$(IcuSrcDir)\source\common\ucnv_ct.c">
      <Filter>Source Files</Filter>
    </ClCompile>
    <ClCompile Include="$(IcuSrcDir)\source\common\ucnv_err.c">
      <Filter>Source Files</Filter>
    </ClCompile>
    <ClCompile Include="$(IcuSrcDir)\source\common\ucnv_ext.cpp">
      <Filter>Source Files</Filter>
    </ClCompile>
    <ClCompile Include="$(IcuSrcDir)\source\common\ucnv_io.cpp">
      <Filter>Source Files</Filter>
    </ClCompile>
    <ClCompile Include="$(IcuSrcDir)\source\common\ucnv_lmb.c">
      <Filter>Source Files</Filter>
    </ClCompile>
    <ClCompile Include="$(IcuSrcDir)\source\common\ucnv_set.c">
      <Filter>Source Files</Filter>
    </ClCompile>
    <ClCompile Include="$(IcuSrcDir)\source\common\ucnv_u16.c">
      <Filter>Source Files</Filter>
    </ClCompile>
    <ClCompile Include="$(IcuSrcDir)\source\common\ucnv_u32.c">
      <Filter>Source Files</Filter>
    </ClCompile>
    <ClCompile Include="$(IcuSrcDir)\source\common\ucnv_u7.c">
      <Filter>Source Files</Filter>
    </ClCompile>
    <ClCompile Include="$(IcuSrcDir)\source\common\ucnv_u8.c">
      <Filter>Source Files</Filter>
    </ClCompile>
    <ClCompile Include="$(IcuSrcDir)\source\common\ucnvbocu.cpp">
      <Filter>Source Files</Filter>
    </ClCompile>
    <ClCompile Include="$(IcuSrcDir)\source\common\ucnvdisp.c">
      <Filter>Source Files</Filter>
    </ClCompile>
    <ClCompile Include="$(IcuSrcDir)\source\common\ucnvhz.c">
      <Filter>Source Files</Filter>
    </ClCompile>
    <ClCompile Include="$(IcuSrcDir)\source\common\ucnvisci.c">
      <Filter>Source Files</Filter>
    </ClCompile>
    <ClCompile Include="$(IcuSrcDir)\source\common\ucnvlat1.c">
      <Filter>Source Files</Filter>
    </ClCompile>
    <ClCompile Include="$(IcuSrcDir)\source\common\ucnvmbcs.c">
      <Filter>Source Files</Filter>
    </ClCompile>
    <ClCompile Include="$(IcuSrcDir)\source\common\ucnvscsu.c">
      <Filter>Source Files</Filter>
    </ClCompile>
    <ClCompile Include="$(IcuSrcDir)\source\common\ucnvsel.cpp">
      <Filter>Source Files</Filter>
    </ClCompile>
    <ClCompile Include="$(IcuSrcDir)\source\common\cmemory.c">
      <Filter>Source Files</Filter>
    </ClCompile>
    <ClCompile Include="$(IcuSrcDir)\source\common\ucln_cmn.c">
      <Filter>Source Files</Filter>
    </ClCompile>
    <ClCompile Include="$(IcuSrcDir)\source\common\ucmndata.c">
      <Filter>Source Files</Filter>
    </ClCompile>
    <ClCompile Include="$(IcuSrcDir)\source\common\udata.cpp">
      <Filter>Source Files</Filter>
    </ClCompile>
    <ClCompile Include="$(IcuSrcDir)\source\common\udatamem.c">
      <Filter>Source Files</Filter>
    </ClCompile>
    <ClCompile Include="$(IcuSrcDir)\source\common\udataswp.c">
      <Filter>Source Files</Filter>
    </ClCompile>
    <ClCompile Include="$(IcuSrcDir)\source\common\uinit.c">
      <Filter>Source Files</Filter>
    </ClCompile>
    <ClCompile Include="$(IcuSrcDir)\source\common\umapfile.c">
      <Filter>Source Files</Filter>
    </ClCompile>
    <ClCompile Include="$(IcuSrcDir)\source\common\uobject.cpp">
      <Filter>Source Files</Filter>
    </ClCompile>
    <ClCompile Include="$(IcuSrcDir)\source\common\dtintrv.cpp">
      <Filter>Source Files</Filter>
    </ClCompile>
    <ClCompile Include="$(IcuSrcDir)\source\common\parsepos.cpp">
      <Filter>Source Files</Filter>
    </ClCompile>
    <ClCompile Include="$(IcuSrcDir)\source\common\ustrfmt.c">
      <Filter>Source Files</Filter>
    </ClCompile>
    <ClCompile Include="$(IcuSrcDir)\source\common\util.cpp">
      <Filter>Source Files</Filter>
    </ClCompile>
    <ClCompile Include="$(IcuSrcDir)\source\common\util_props.cpp">
      <Filter>Source Files</Filter>
    </ClCompile>
    <ClCompile Include="$(IcuSrcDir)\source\common\punycode.cpp">
      <Filter>Source Files</Filter>
    </ClCompile>
    <ClCompile Include="$(IcuSrcDir)\source\common\uidna.cpp">
      <Filter>Source Files</Filter>
    </ClCompile>
    <ClCompile Include="$(IcuSrcDir)\source\common\uts46.cpp">
      <Filter>Source Files</Filter>
    </ClCompile>
    <ClCompile Include="$(IcuSrcDir)\source\common\locavailable.cpp">
      <Filter>Source Files</Filter>
    </ClCompile>
    <ClCompile Include="$(IcuSrcDir)\source\common\locbased.cpp">
      <Filter>Source Files</Filter>
    </ClCompile>
    <ClCompile Include="$(IcuSrcDir)\source\common\locdispnames.cpp">
      <Filter>Source Files</Filter>
    </ClCompile>
    <ClCompile Include="$(IcuSrcDir)\source\common\locid.cpp">
      <Filter>Source Files</Filter>
    </ClCompile>
    <ClCompile Include="$(IcuSrcDir)\source\common\loclikely.cpp">
      <Filter>Source Files</Filter>
    </ClCompile>
    <ClCompile Include="$(IcuSrcDir)\source\common\locresdata.cpp">
      <Filter>Source Files</Filter>
    </ClCompile>
    <ClCompile Include="$(IcuSrcDir)\source\common\locutil.cpp">
      <Filter>Source Files</Filter>
    </ClCompile>
    <ClCompile Include="$(IcuSrcDir)\source\common\resbund.cpp">
      <Filter>Source Files</Filter>
    </ClCompile>
    <ClCompile Include="$(IcuSrcDir)\source\common\resbund_cnv.cpp">
      <Filter>Source Files</Filter>
    </ClCompile>
    <ClCompile Include="$(IcuSrcDir)\source\common\ucat.c">
      <Filter>Source Files</Filter>
    </ClCompile>
    <ClCompile Include="$(IcuSrcDir)\source\common\uloc.cpp">
      <Filter>Source Files</Filter>
    </ClCompile>
    <ClCompile Include="$(IcuSrcDir)\source\common\uloc_tag.c">
      <Filter>Source Files</Filter>
    </ClCompile>
    <ClCompile Include="$(IcuSrcDir)\source\common\ures_cnv.c">
      <Filter>Source Files</Filter>
    </ClCompile>
    <ClCompile Include="$(IcuSrcDir)\source\common\uresbund.cpp">
      <Filter>Source Files</Filter>
    </ClCompile>
    <ClCompile Include="$(IcuSrcDir)\source\common\uresdata.c">
      <Filter>Source Files</Filter>
    </ClCompile>
    <ClCompile Include="$(IcuSrcDir)\source\common\caniter.cpp">
      <Filter>Source Files</Filter>
    </ClCompile>
    <ClCompile Include="$(IcuSrcDir)\source\common\filterednormalizer2.cpp">
      <Filter>Source Files</Filter>
    </ClCompile>
    <ClCompile Include="$(IcuSrcDir)\source\common\normalizer2.cpp">
      <Filter>Source Files</Filter>
    </ClCompile>
    <ClCompile Include="$(IcuSrcDir)\source\common\normalizer2impl.cpp">
      <Filter>Source Files</Filter>
    </ClCompile>
    <ClCompile Include="$(IcuSrcDir)\source\common\normlzr.cpp">
      <Filter>Source Files</Filter>
    </ClCompile>
    <ClCompile Include="$(IcuSrcDir)\source\common\unorm.cpp">
      <Filter>Source Files</Filter>
    </ClCompile>
    <ClCompile Include="$(IcuSrcDir)\source\common\unorm_it.c">
      <Filter>Source Files</Filter>
    </ClCompile>
    <ClCompile Include="$(IcuSrcDir)\source\common\unormcmp.cpp">
      <Filter>Source Files</Filter>
    </ClCompile>
    <ClCompile Include="$(IcuSrcDir)\source\common\bmpset.cpp">
      <Filter>Source Files</Filter>
    </ClCompile>
    <ClCompile Include="$(IcuSrcDir)\source\common\patternprops.cpp">
      <Filter>Source Files</Filter>
    </ClCompile>
    <ClCompile Include="$(IcuSrcDir)\source\common\propname.cpp">
      <Filter>Source Files</Filter>
    </ClCompile>
    <ClCompile Include="$(IcuSrcDir)\source\common\ruleiter.cpp">
      <Filter>Source Files</Filter>
    </ClCompile>
    <ClCompile Include="$(IcuSrcDir)\source\common\ucase.cpp">
      <Filter>Source Files</Filter>
    </ClCompile>
    <ClCompile Include="$(IcuSrcDir)\source\common\uchar.c">
      <Filter>Source Files</Filter>
    </ClCompile>
    <ClCompile Include="$(IcuSrcDir)\source\common\unames.cpp">
      <Filter>Source Files</Filter>
    </ClCompile>
    <ClCompile Include="$(IcuSrcDir)\source\common\unifilt.cpp">
      <Filter>Source Files</Filter>
    </ClCompile>
    <ClCompile Include="$(IcuSrcDir)\source\common\unifunct.cpp">
      <Filter>Source Files</Filter>
    </ClCompile>
    <ClCompile Include="$(IcuSrcDir)\source\common\uniset.cpp">
      <Filter>Source Files</Filter>
    </ClCompile>
    <ClCompile Include="$(IcuSrcDir)\source\common\uniset_closure.cpp">
      <Filter>Source Files</Filter>
    </ClCompile>
    <ClCompile Include="$(IcuSrcDir)\source\common\uniset_props.cpp">
      <Filter>Source Files</Filter>
    </ClCompile>
    <ClCompile Include="$(IcuSrcDir)\source\common\unisetspan.cpp">
      <Filter>Source Files</Filter>
    </ClCompile>
    <ClCompile Include="$(IcuSrcDir)\source\common\uprops.cpp">
      <Filter>Source Files</Filter>
    </ClCompile>
    <ClCompile Include="$(IcuSrcDir)\source\common\usc_impl.c">
      <Filter>Source Files</Filter>
    </ClCompile>
    <ClCompile Include="$(IcuSrcDir)\source\common\uscript.c">
      <Filter>Source Files</Filter>
    </ClCompile>
    <ClCompile Include="$(IcuSrcDir)\source\common\uscript_props.cpp">
      <Filter>Source Files</Filter>
    </ClCompile>
    <ClCompile Include="$(IcuSrcDir)\source\common\uset.cpp">
      <Filter>Source Files</Filter>
    </ClCompile>
    <ClCompile Include="$(IcuSrcDir)\source\common\uset_props.cpp">
      <Filter>Source Files</Filter>
    </ClCompile>
    <ClCompile Include="$(IcuSrcDir)\source\common\usetiter.cpp">
      <Filter>Source Files</Filter>
    </ClCompile>
    <ClCompile Include="$(IcuSrcDir)\source\common\icuplug.c">
      <Filter>Source Files</Filter>
    </ClCompile>
    <ClCompile Include="$(IcuSrcDir)\source\common\serv.cpp">
      <Filter>Source Files</Filter>
    </ClCompile>
    <ClCompile Include="$(IcuSrcDir)\source\common\servlk.cpp">
      <Filter>Source Files</Filter>
    </ClCompile>
    <ClCompile Include="$(IcuSrcDir)\source\common\servlkf.cpp">
      <Filter>Source Files</Filter>
    </ClCompile>
    <ClCompile Include="$(IcuSrcDir)\source\common\servls.cpp">
      <Filter>Source Files</Filter>
    </ClCompile>
    <ClCompile Include="$(IcuSrcDir)\source\common\servnotf.cpp">
      <Filter>Source Files</Filter>
    </ClCompile>
    <ClCompile Include="$(IcuSrcDir)\source\common\servrbf.cpp">
      <Filter>Source Files</Filter>
    </ClCompile>
    <ClCompile Include="$(IcuSrcDir)\source\common\servslkf.cpp">
      <Filter>Source Files</Filter>
    </ClCompile>
    <ClCompile Include="$(IcuSrcDir)\source\common\usprep.cpp">
      <Filter>Source Files</Filter>
    </ClCompile>
    <ClCompile Include="$(IcuSrcDir)\source\common\appendable.cpp">
      <Filter>Source Files</Filter>
    </ClCompile>
    <ClCompile Include="$(IcuSrcDir)\source\common\bytestream.cpp">
      <Filter>Source Files</Filter>
    </ClCompile>
    <ClCompile Include="$(IcuSrcDir)\source\common\bytestrie.cpp">
      <Filter>Source Files</Filter>
    </ClCompile>
    <ClCompile Include="$(IcuSrcDir)\source\common\bytestriebuilder.cpp">
      <Filter>Source Files</Filter>
    </ClCompile>
    <ClCompile Include="$(IcuSrcDir)\source\common\bytestrieiterator.cpp">
      <Filter>Source Files</Filter>
    </ClCompile>
    <ClCompile Include="$(IcuSrcDir)\source\common\chariter.cpp">
      <Filter>Source Files</Filter>
    </ClCompile>
    <ClCompile Include="$(IcuSrcDir)\source\common\charstr.cpp">
      <Filter>Source Files</Filter>
    </ClCompile>
    <ClCompile Include="$(IcuSrcDir)\source\common\cstring.c">
      <Filter>Source Files</Filter>
    </ClCompile>
    <ClCompile Include="$(IcuSrcDir)\source\common\cwchar.c">
      <Filter>Source Files</Filter>
    </ClCompile>
    <ClCompile Include="$(IcuSrcDir)\source\common\messagepattern.cpp">
      <Filter>Source Files</Filter>
    </ClCompile>
    <ClCompile Include="$(IcuSrcDir)\source\common\schriter.cpp">
      <Filter>Source Files</Filter>
    </ClCompile>
    <ClCompile Include="$(IcuSrcDir)\source\common\stringpiece.cpp">
      <Filter>Source Files</Filter>
    </ClCompile>
    <ClCompile Include="$(IcuSrcDir)\source\common\stringtriebuilder.cpp">
      <Filter>Source Files</Filter>
    </ClCompile>
    <ClCompile Include="$(IcuSrcDir)\source\common\ucasemap.cpp">
      <Filter>Source Files</Filter>
    </ClCompile>
    <ClCompile Include="$(IcuSrcDir)\source\common\ucasemap_titlecase_brkiter.cpp">
      <Filter>Source Files</Filter>
    </ClCompile>
    <ClCompile Include="$(IcuSrcDir)\source\common\ucharstrie.cpp">
      <Filter>Source Files</Filter>
    </ClCompile>
    <ClCompile Include="$(IcuSrcDir)\source\common\ucharstriebuilder.cpp">
      <Filter>Source Files</Filter>
    </ClCompile>
    <ClCompile Include="$(IcuSrcDir)\source\common\ucharstrieiterator.cpp">
      <Filter>Source Files</Filter>
    </ClCompile>
    <ClCompile Include="$(IcuSrcDir)\source\common\uchriter.cpp">
      <Filter>Source Files</Filter>
    </ClCompile>
    <ClCompile Include="$(IcuSrcDir)\source\common\uinvchar.c">
      <Filter>Source Files</Filter>
    </ClCompile>
    <ClCompile Include="$(IcuSrcDir)\source\common\uiter.cpp">
      <Filter>Source Files</Filter>
    </ClCompile>
    <ClCompile Include="$(IcuSrcDir)\source\common\unistr.cpp">
      <Filter>Source Files</Filter>
    </ClCompile>
    <ClCompile Include="$(IcuSrcDir)\source\common\unistr_case.cpp">
      <Filter>Source Files</Filter>
    </ClCompile>
    <ClCompile Include="$(IcuSrcDir)\source\common\unistr_case_locale.cpp">
      <Filter>Source Files</Filter>
    </ClCompile>
    <ClCompile Include="$(IcuSrcDir)\source\common\unistr_cnv.cpp">
      <Filter>Source Files</Filter>
    </ClCompile>
    <ClCompile Include="$(IcuSrcDir)\source\common\unistr_props.cpp">
      <Filter>Source Files</Filter>
    </ClCompile>
    <ClCompile Include="$(IcuSrcDir)\source\common\unistr_titlecase_brkiter.cpp">
      <Filter>Source Files</Filter>
    </ClCompile>
    <ClCompile Include="$(IcuSrcDir)\source\common\ustr_cnv.c">
      <Filter>Source Files</Filter>
    </ClCompile>
    <ClCompile Include="$(IcuSrcDir)\source\common\ustr_titlecase_brkiter.cpp">
      <Filter>Source Files</Filter>
    </ClCompile>
    <ClCompile Include="$(IcuSrcDir)\source\common\ustr_wcs.cpp">
      <Filter>Source Files</Filter>
    </ClCompile>
    <ClCompile Include="$(IcuSrcDir)\source\common\ustrcase.cpp">
      <Filter>Source Files</Filter>
    </ClCompile>
    <ClCompile Include="$(IcuSrcDir)\source\common\ustrcase_locale.cpp">
      <Filter>Source Files</Filter>
    </ClCompile>
    <ClCompile Include="$(IcuSrcDir)\source\common\ustring.cpp">
      <Filter>Source Files</Filter>
    </ClCompile>
    <ClCompile Include="$(IcuSrcDir)\source\common\ustrtrns.cpp">
      <Filter>Source Files</Filter>
    </ClCompile>
    <ClCompile Include="$(IcuSrcDir)\source\common\utext.cpp">
      <Filter>Source Files</Filter>
    </ClCompile>
    <ClCompile Include="$(IcuSrcDir)\source\common\utf_impl.c">
      <Filter>Source Files</Filter>
    </ClCompile>
    <ClCompile Include="$(IcuSrcDir)\source\common\listformatter.cpp">
      <Filter>Source Files</Filter>
    </ClCompile>
  </ItemGroup>
  <ItemGroup>
  </ItemGroup>
</Project>