<?xml version="1.0" encoding="utf-8"?>
<Project ToolsVersion="4.0" xmlns="http://schemas.microsoft.com/developer/msbuild/2003">
  <ItemGroup>
    <Filter Include="Source Files">
      <UniqueIdentifier>{07934a85-8b61-443d-a0ee-b2eedb74f3cd}</UniqueIdentifier>
      <Extensions>cpp;c;cxx;rc;def;r;odl;hpj;bat;for;f90</Extensions>
    </Filter>
    <Filter Include="Header Files">
      <UniqueIdentifier>{1d99675b-433d-4a21-9e50-ed4ab8b19762}</UniqueIdentifier>
      <Extensions>h;hpp;hxx;hm;inl;fi;fd</Extensions>
    </Filter>
    <Filter Include="Resource Files">
      <UniqueIdentifier>{431c0958-fa71-44d0-9084-2d19d100c0cc}</UniqueIdentifier>
      <Extensions>ico;cur;bmp;dlg;rc2;rct;bin;cnt;rtf;gif;jpg;jpeg;jpe</Extensions>
    </Filter>
  </ItemGroup>
  <ItemGroup>
    <ClCompile Include="$(IcuSrcDir)\source\i18n\alphaindex.cpp">
      <Filter>Source Files</Filter>
    </ClCompile>
    <ClCompile Include="$(IcuSrcDir)\source\i18n\bocsu.cpp">
      <Filter>Source Files</Filter>
    </ClCompile>
    <ClCompile Include="$(IcuSrcDir)\source\i18n\coleitr.cpp">
      <Filter>Source Files</Filter>
    </ClCompile>
    <ClCompile Include="$(IcuSrcDir)\source\i18n\coll.cpp">
      <Filter>Source Files</Filter>
    </ClCompile>
    <ClCompile Include="$(IcuSrcDir)\source\i18n\region.cpp">
      <Filter>Source Files</Filter>
    </ClCompile>
    <ClCompile Include="$(IcuSrcDir)\source\i18n\search.cpp">
      <Filter>Source Files</Filter>
    </ClCompile>
    <ClCompile Include="$(IcuSrcDir)\source\i18n\sortkey.cpp">
      <Filter>Source Files</Filter>
    </ClCompile>
    <ClCompile Include="$(IcuSrcDir)\source\i18n\stsearch.cpp">
      <Filter>Source Files</Filter>
    </ClCompile>
    <ClCompile Include="$(IcuSrcDir)\source\i18n\tblcoll.cpp">
      <Filter>Source Files</Filter>
    </ClCompile>
    <ClCompile Include="$(IcuSrcDir)\source\i18n\tzfmt.cpp">
      <Filter>Source Files</Filter>
    </ClCompile>
    <ClCompile Include="$(IcuSrcDir)\source\i18n\tzgnames.cpp">
      <Filter>Source Files</Filter>
    </ClCompile>
    <ClCompile Include="$(IcuSrcDir)\source\i18n\tznames.cpp">
      <Filter>Source Files</Filter>
    </ClCompile>
    <ClCompile Include="$(IcuSrcDir)\source\i18n\tznames_impl.cpp">
      <Filter>Source Files</Filter>
    </ClCompile>
    <ClCompile Include="$(IcuSrcDir)\source\i18n\ucol.cpp">
      <Filter>Source Files</Filter>
    </ClCompile>
    <ClCompile Include="$(IcuSrcDir)\source\i18n\ucol_bld.cpp">
      <Filter>Source Files</Filter>
    </ClCompile>
    <ClCompile Include="$(IcuSrcDir)\source\i18n\ucol_cnt.cpp">
      <Filter>Source Files</Filter>
    </ClCompile>
    <ClCompile Include="$(IcuSrcDir)\source\i18n\ucol_elm.cpp">
      <Filter>Source Files</Filter>
    </ClCompile>
    <ClCompile Include="$(IcuSrcDir)\source\i18n\ucol_res.cpp">
      <Filter>Source Files</Filter>
    </ClCompile>
    <ClCompile Include="$(IcuSrcDir)\source\i18n\ucol_sit.cpp">
      <Filter>Source Files</Filter>
    </ClCompile>
    <ClCompile Include="$(IcuSrcDir)\source\i18n\ucol_tok.cpp">
      <Filter>Source Files</Filter>
    </ClCompile>
    <ClCompile Include="$(IcuSrcDir)\source\i18n\ucol_wgt.cpp">
      <Filter>Source Files</Filter>
    </ClCompile>
    <ClCompile Include="$(IcuSrcDir)\source\i18n\ucoleitr.cpp">
      <Filter>Source Files</Filter>
    </ClCompile>
    <ClCompile Include="$(IcuSrcDir)\source\i18n\usearch.cpp">
      <Filter>Source Files</Filter>
    </ClCompile>
    <ClCompile Include="$(IcuSrcDir)\source\i18n\astro.cpp">
      <Filter>Source Files</Filter>
    </ClCompile>
    <ClCompile Include="$(IcuSrcDir)\source\i18n\basictz.cpp">
      <Filter>Source Files</Filter>
    </ClCompile>
    <ClCompile Include="$(IcuSrcDir)\source\i18n\buddhcal.cpp">
      <Filter>Source Files</Filter>
    </ClCompile>
    <ClCompile Include="$(IcuSrcDir)\source\i18n\calendar.cpp">
      <Filter>Source Files</Filter>
    </ClCompile>
    <ClCompile Include="$(IcuSrcDir)\source\i18n\cecal.cpp">
      <Filter>Source Files</Filter>
    </ClCompile>
    <ClCompile Include="$(IcuSrcDir)\source\i18n\chnsecal.cpp">
      <Filter>Source Files</Filter>
    </ClCompile>
    <ClCompile Include="$(IcuSrcDir)\source\i18n\choicfmt.cpp">
      <Filter>Source Files</Filter>
    </ClCompile>
    <ClCompile Include="$(IcuSrcDir)\source\i18n\compactdecimalformat.cpp">
      <Filter>Source Files</Filter>
    </ClCompile>
    <ClCompile Include="$(IcuSrcDir)\source\i18n\coptccal.cpp">
      <Filter>Source Files</Filter>
    </ClCompile>
    <ClCompile Include="$(IcuSrcDir)\source\i18n\curramt.cpp">
      <Filter>Source Files</Filter>
    </ClCompile>
    <ClCompile Include="$(IcuSrcDir)\source\i18n\currfmt.cpp">
      <Filter>Source Files</Filter>
    </ClCompile>
    <ClCompile Include="$(IcuSrcDir)\source\i18n\currpinf.cpp">
      <Filter>Source Files</Filter>
    </ClCompile>
    <ClCompile Include="$(IcuSrcDir)\source\i18n\currunit.cpp">
      <Filter>Source Files</Filter>
    </ClCompile>
    <ClCompile Include="$(IcuSrcDir)\source\i18n\dangical.cpp">
      <Filter>Source Files</Filter>
    </ClCompile>
    <ClCompile Include="$(IcuSrcDir)\source\i18n\datefmt.cpp">
      <Filter>Source Files</Filter>
    </ClCompile>
    <ClCompile Include="$(IcuSrcDir)\source\i18n\dcfmtsym.cpp">
      <Filter>Source Files</Filter>
    </ClCompile>
    <ClCompile Include="$(IcuSrcDir)\source\i18n\decContext.c">
      <Filter>Source Files</Filter>
    </ClCompile>
    <ClCompile Include="$(IcuSrcDir)\source\i18n\decfmtst.cpp">
      <Filter>Source Files</Filter>
    </ClCompile>
    <ClCompile Include="$(IcuSrcDir)\source\i18n\decimfmt.cpp">
      <Filter>Source Files</Filter>
    </ClCompile>
    <ClCompile Include="$(IcuSrcDir)\source\i18n\decNumber.c">
      <Filter>Source Files</Filter>
    </ClCompile>
    <ClCompile Include="$(IcuSrcDir)\source\i18n\digitlst.cpp">
      <Filter>Source Files</Filter>
    </ClCompile>
    <ClCompile Include="$(IcuSrcDir)\source\i18n\dtfmtsym.cpp">
      <Filter>Source Files</Filter>
    </ClCompile>
    <ClCompile Include="$(IcuSrcDir)\source\i18n\dtitvfmt.cpp">
      <Filter>Source Files</Filter>
    </ClCompile>
    <ClCompile Include="$(IcuSrcDir)\source\i18n\dtitvinf.cpp">
      <Filter>Source Files</Filter>
    </ClCompile>
    <ClCompile Include="$(IcuSrcDir)\source\i18n\dtptngen.cpp">
      <Filter>Source Files</Filter>
    </ClCompile>
    <ClCompile Include="$(IcuSrcDir)\source\i18n\dtrule.cpp">
      <Filter>Source Files</Filter>
    </ClCompile>
    <ClCompile Include="$(IcuSrcDir)\source\i18n\ethpccal.cpp">
      <Filter>Source Files</Filter>
    </ClCompile>
    <ClCompile Include="$(IcuSrcDir)\source\i18n\fmtable.cpp">
      <Filter>Source Files</Filter>
    </ClCompile>
    <ClCompile Include="$(IcuSrcDir)\source\i18n\fmtable_cnv.cpp">
      <Filter>Source Files</Filter>
    </ClCompile>
    <ClCompile Include="$(IcuSrcDir)\source\i18n\format.cpp">
      <Filter>Source Files</Filter>
    </ClCompile>
    <ClCompile Include="$(IcuSrcDir)\source\i18n\fphdlimp.cpp">
      <Filter>Source Files</Filter>
    </ClCompile>
    <ClCompile Include="$(IcuSrcDir)\source\i18n\fpositer.cpp">
      <Filter>Source Files</Filter>
    </ClCompile>
    <ClCompile Include="$(IcuSrcDir)\source\i18n\gender.cpp">
      <Filter>Source Files</Filter>
    </ClCompile>
    <ClCompile Include="$(IcuSrcDir)\source\i18n\gregocal.cpp">
      <Filter>Source Files</Filter>
    </ClCompile>
    <ClCompile Include="$(IcuSrcDir)\source\i18n\gregoimp.cpp">
      <Filter>Source Files</Filter>
    </ClCompile>
    <ClCompile Include="$(IcuSrcDir)\source\i18n\hebrwcal.cpp">
      <Filter>Source Files</Filter>
    </ClCompile>
    <ClCompile Include="$(IcuSrcDir)\source\i18n\identifier_info.cpp">
      <Filter>Source Files</Filter>
    </ClCompile>
    <ClCompile Include="$(IcuSrcDir)\source\i18n\indiancal.cpp">
      <Filter>Source Files</Filter>
    </ClCompile>
    <ClCompile Include="$(IcuSrcDir)\source\i18n\islamcal.cpp">
      <Filter>Source Files</Filter>
    </ClCompile>
    <ClCompile Include="$(IcuSrcDir)\source\i18n\japancal.cpp">
      <Filter>Source Files</Filter>
    </ClCompile>
    <ClCompile Include="$(IcuSrcDir)\source\i18n\locdspnm.cpp">
      <Filter>Source Files</Filter>
    </ClCompile>
    <ClCompile Include="$(IcuSrcDir)\source\i18n\measfmt.cpp">
      <Filter>Source Files</Filter>
    </ClCompile>
    <ClCompile Include="$(IcuSrcDir)\source\i18n\measure.cpp">
      <Filter>Source Files</Filter>
    </ClCompile>
    <ClCompile Include="$(IcuSrcDir)\source\i18n\msgfmt.cpp">
      <Filter>Source Files</Filter>
    </ClCompile>
    <ClCompile Include="$(IcuSrcDir)\source\i18n\nfrs.cpp">
      <Filter>Source Files</Filter>
    </ClCompile>
    <ClCompile Include="$(IcuSrcDir)\source\i18n\nfrule.cpp">
      <Filter>Source Files</Filter>
    </ClCompile>
    <ClCompile Include="$(IcuSrcDir)\source\i18n\nfsubs.cpp">
      <Filter>Source Files</Filter>
    </ClCompile>
    <ClCompile Include="$(IcuSrcDir)\source\i18n\numfmt.cpp">
      <Filter>Source Files</Filter>
    </ClCompile>
    <ClCompile Include="$(IcuSrcDir)\source\i18n\numsys.cpp">
      <Filter>Source Files</Filter>
    </ClCompile>
    <ClCompile Include="$(IcuSrcDir)\source\i18n\olsontz.cpp">
      <Filter>Source Files</Filter>
    </ClCompile>
    <ClCompile Include="$(IcuSrcDir)\source\i18n\persncal.cpp">
      <Filter>Source Files</Filter>
    </ClCompile>
    <ClCompile Include="$(IcuSrcDir)\source\i18n\plurfmt.cpp">
      <Filter>Source Files</Filter>
    </ClCompile>
    <ClCompile Include="$(IcuSrcDir)\source\i18n\plurrule.cpp">
      <Filter>Source Files</Filter>
    </ClCompile>
    <ClCompile Include="$(IcuSrcDir)\source\i18n\rbnf.cpp">
      <Filter>Source Files</Filter>
    </ClCompile>
    <ClCompile Include="$(IcuSrcDir)\source\i18n\rbtz.cpp">
      <Filter>Source Files</Filter>
    </ClCompile>
    <ClCompile Include="$(IcuSrcDir)\source\i18n\reldtfmt.cpp">
      <Filter>Source Files</Filter>
    </ClCompile>
    <ClCompile Include="$(IcuSrcDir)\source\i18n\selfmt.cpp">
      <Filter>Source Files</Filter>
    </ClCompile>
    <ClCompile Include="$(IcuSrcDir)\source\i18n\simpletz.cpp">
      <Filter>Source Files</Filter>
    </ClCompile>
    <ClCompile Include="$(IcuSrcDir)\source\i18n\scriptset.cpp">
      <Filter>Source Files</Filter>
    </ClCompile>
    <ClCompile Include="$(IcuSrcDir)\source\i18n\smpdtfmt.cpp">
      <Filter>Source Files</Filter>
    </ClCompile>
    <ClCompile Include="$(IcuSrcDir)\source\i18n\smpdtfst.cpp">
      <Filter>Source Files</Filter>
    </ClCompile>
    <ClCompile Include="$(IcuSrcDir)\source\i18n\taiwncal.cpp">
      <Filter>Source Files</Filter>
    </ClCompile>
    <ClCompile Include="$(IcuSrcDir)\source\i18n\timezone.cpp">
      <Filter>Source Files</Filter>
    </ClCompile>
    <ClCompile Include="$(IcuSrcDir)\source\i18n\tmunit.cpp">
      <Filter>Source Files</Filter>
    </ClCompile>
    <ClCompile Include="$(IcuSrcDir)\source\i18n\tmutamt.cpp">
      <Filter>Source Files</Filter>
    </ClCompile>
    <ClCompile Include="$(IcuSrcDir)\source\i18n\tmutfmt.cpp">
      <Filter>Source Files</Filter>
    </ClCompile>
    <ClCompile Include="$(IcuSrcDir)\source\i18n\tzrule.cpp">
      <Filter>Source Files</Filter>
    </ClCompile>
    <ClCompile Include="$(IcuSrcDir)\source\i18n\tztrans.cpp">
      <Filter>Source Files</Filter>
    </ClCompile>
    <ClCompile Include="$(IcuSrcDir)\source\i18n\ucal.cpp">
      <Filter>Source Files</Filter>
    </ClCompile>
    <ClCompile Include="$(IcuSrcDir)\source\i18n\ucurr.cpp">
      <Filter>Source Files</Filter>
    </ClCompile>
    <ClCompile Include="$(IcuSrcDir)\source\i18n\udat.cpp">
      <Filter>Source Files</Filter>
    </ClCompile>
    <ClCompile Include="$(IcuSrcDir)\source\i18n\udateintervalformat.cpp">
      <Filter>Source Files</Filter>
    </ClCompile>
    <ClCompile Include="$(IcuSrcDir)\source\i18n\udatpg.cpp">
      <Filter>Source Files</Filter>
    </ClCompile>
    <ClCompile Include="$(IcuSrcDir)\source\i18n\ulocdata.c">
      <Filter>Source Files</Filter>
    </ClCompile>
    <ClCompile Include="$(IcuSrcDir)\source\i18n\umsg.cpp">
      <Filter>Source Files</Filter>
    </ClCompile>
    <ClCompile Include="$(IcuSrcDir)\source\i18n\unum.cpp">
      <Filter>Source Files</Filter>
    </ClCompile>
    <ClCompile Include="$(IcuSrcDir)\source\i18n\upluralrules.cpp">
      <Filter>Source Files</Filter>
    </ClCompile>
    <ClCompile Include="$(IcuSrcDir)\source\i18n\utmscale.c">
      <Filter>Source Files</Filter>
    </ClCompile>
    <ClCompile Include="$(IcuSrcDir)\source\i18n\vtzone.cpp">
      <Filter>Source Files</Filter>
    </ClCompile>
    <ClCompile Include="$(IcuSrcDir)\source\i18n\vzone.cpp">
      <Filter>Source Files</Filter>
    </ClCompile>
    <ClCompile Include="$(IcuSrcDir)\source\i18n\windtfmt.cpp">
      <Filter>Source Files</Filter>
    </ClCompile>
    <ClCompile Include="$(IcuSrcDir)\source\i18n\winnmfmt.cpp">
      <Filter>Source Files</Filter>
    </ClCompile>
    <ClCompile Include="$(IcuSrcDir)\source\i18n\wintzimpl.cpp">
      <Filter>Source Files</Filter>
    </ClCompile>
    <ClCompile Include="$(IcuSrcDir)\source\i18n\zonemeta.cpp">
      <Filter>Source Files</Filter>
    </ClCompile>
    <ClCompile Include="$(IcuSrcDir)\source\i18n\zrule.cpp">
      <Filter>Source Files</Filter>
    </ClCompile>
    <ClCompile Include="$(IcuSrcDir)\source\i18n\ztrans.cpp">
      <Filter>Source Files</Filter>
    </ClCompile>
    <ClCompile Include="$(IcuSrcDir)\source\i18n\ucln_in.c">
      <Filter>Source Files</Filter>
    </ClCompile>
    <ClCompile Include="$(IcuSrcDir)\source\i18n\regexcmp.cpp">
      <Filter>Source Files</Filter>
    </ClCompile>
    <ClCompile Include="$(IcuSrcDir)\source\i18n\regeximp.cpp">
      <Filter>Source Files</Filter>
    </ClCompile>
    <ClCompile Include="$(IcuSrcDir)\source\i18n\regexst.cpp">
      <Filter>Source Files</Filter>
    </ClCompile>
    <ClCompile Include="$(IcuSrcDir)\source\i18n\regextxt.cpp">
      <Filter>Source Files</Filter>
    </ClCompile>
    <ClCompile Include="$(IcuSrcDir)\source\i18n\rematch.cpp">
      <Filter>Source Files</Filter>
    </ClCompile>
    <ClCompile Include="$(IcuSrcDir)\source\i18n\repattrn.cpp">
      <Filter>Source Files</Filter>
    </ClCompile>
    <ClCompile Include="$(IcuSrcDir)\source\i18n\uregex.cpp">
      <Filter>Source Files</Filter>
    </ClCompile>
    <ClCompile Include="$(IcuSrcDir)\source\i18n\uregexc.cpp">
      <Filter>Source Files</Filter>
    </ClCompile>
    <ClCompile Include="$(IcuSrcDir)\source\i18n\anytrans.cpp">
      <Filter>Source Files</Filter>
    </ClCompile>
    <ClCompile Include="$(IcuSrcDir)\source\i18n\brktrans.cpp">
      <Filter>Source Files</Filter>
    </ClCompile>
    <ClCompile Include="$(IcuSrcDir)\source\i18n\casetrn.cpp">
      <Filter>Source Files</Filter>
    </ClCompile>
    <ClCompile Include="$(IcuSrcDir)\source\i18n\cpdtrans.cpp">
      <Filter>Source Files</Filter>
    </ClCompile>
    <ClCompile Include="$(IcuSrcDir)\source\i18n\esctrn.cpp">
      <Filter>Source Files</Filter>
    </ClCompile>
    <ClCompile Include="$(IcuSrcDir)\source\i18n\funcrepl.cpp">
      <Filter>Source Files</Filter>
    </ClCompile>
    <ClCompile Include="$(IcuSrcDir)\source\i18n\name2uni.cpp">
      <Filter>Source Files</Filter>
    </ClCompile>
    <ClCompile Include="$(IcuSrcDir)\source\i18n\nortrans.cpp">
      <Filter>Source Files</Filter>
    </ClCompile>
    <ClCompile Include="$(IcuSrcDir)\source\i18n\nultrans.cpp">
      <Filter>Source Files</Filter>
    </ClCompile>
    <ClCompile Include="$(IcuSrcDir)\source\i18n\quant.cpp">
      <Filter>Source Files</Filter>
    </ClCompile>
    <ClCompile Include="$(IcuSrcDir)\source\i18n\rbt.cpp">
      <Filter>Source Files</Filter>
    </ClCompile>
    <ClCompile Include="$(IcuSrcDir)\source\i18n\rbt_data.cpp">
      <Filter>Source Files</Filter>
    </ClCompile>
    <ClCompile Include="$(IcuSrcDir)\source\i18n\rbt_pars.cpp">
      <Filter>Source Files</Filter>
    </ClCompile>
    <ClCompile Include="$(IcuSrcDir)\source\i18n\rbt_rule.cpp">
      <Filter>Source Files</Filter>
    </ClCompile>
    <ClCompile Include="$(IcuSrcDir)\source\i18n\rbt_set.cpp">
      <Filter>Source Files</Filter>
    </ClCompile>
    <ClCompile Include="$(IcuSrcDir)\source\i18n\remtrans.cpp">
      <Filter>Source Files</Filter>
    </ClCompile>
    <ClCompile Include="$(IcuSrcDir)\source\i18n\strmatch.cpp">
      <Filter>Source Files</Filter>
    </ClCompile>
    <ClCompile Include="$(IcuSrcDir)\source\i18n\strrepl.cpp">
      <Filter>Source Files</Filter>
    </ClCompile>
    <ClCompile Include="$(IcuSrcDir)\source\i18n\titletrn.cpp">
      <Filter>Source Files</Filter>
    </ClCompile>
    <ClCompile Include="$(IcuSrcDir)\source\i18n\tolowtrn.cpp">
      <Filter>Source Files</Filter>
    </ClCompile>
    <ClCompile Include="$(IcuSrcDir)\source\i18n\toupptrn.cpp">
      <Filter>Source Files</Filter>
    </ClCompile>
    <ClCompile Include="$(IcuSrcDir)\source\i18n\translit.cpp">
      <Filter>Source Files</Filter>
    </ClCompile>
    <ClCompile Include="$(IcuSrcDir)\source\i18n\transreg.cpp">
      <Filter>Source Files</Filter>
    </ClCompile>
    <ClCompile Include="$(IcuSrcDir)\source\i18n\tridpars.cpp">
      <Filter>Source Files</Filter>
    </ClCompile>
    <ClCompile Include="$(IcuSrcDir)\source\i18n\unesctrn.cpp">
      <Filter>Source Files</Filter>
    </ClCompile>
    <ClCompile Include="$(IcuSrcDir)\source\i18n\uni2name.cpp">
      <Filter>Source Files</Filter>
    </ClCompile>
    <ClCompile Include="$(IcuSrcDir)\source\i18n\utrans.cpp">
      <Filter>Source Files</Filter>
    </ClCompile>
    <ClCompile Include="$(IcuSrcDir)\source\i18n\csdetect.cpp">
      <Filter>Source Files</Filter>
    </ClCompile>
    <ClCompile Include="$(IcuSrcDir)\source\i18n\csmatch.cpp">
      <Filter>Source Files</Filter>
    </ClCompile>
    <ClCompile Include="$(IcuSrcDir)\source\i18n\csr2022.cpp">
      <Filter>Source Files</Filter>
    </ClCompile>
    <ClCompile Include="$(IcuSrcDir)\source\i18n\csrecog.cpp">
      <Filter>Source Files</Filter>
    </ClCompile>
    <ClCompile Include="$(IcuSrcDir)\source\i18n\csrmbcs.cpp">
      <Filter>Source Files</Filter>
    </ClCompile>
    <ClCompile Include="$(IcuSrcDir)\source\i18n\csrsbcs.cpp">
      <Filter>Source Files</Filter>
    </ClCompile>
    <ClCompile Include="$(IcuSrcDir)\source\i18n\csrucode.cpp">
      <Filter>Source Files</Filter>
    </ClCompile>
    <ClCompile Include="$(IcuSrcDir)\source\i18n\csrutf8.cpp">
      <Filter>Source Files</Filter>
    </ClCompile>
    <ClCompile Include="$(IcuSrcDir)\source\i18n\inputext.cpp">
      <Filter>Source Files</Filter>
    </ClCompile>
    <ClCompile Include="$(IcuSrcDir)\source\i18n\ucsdet.cpp">
      <Filter>Source Files</Filter>
    </ClCompile>
    <ClCompile Include="$(IcuSrcDir)\source\i18n\uspoof.cpp">
      <Filter>Source Files</Filter>
    </ClCompile>
    <ClCompile Include="$(IcuSrcDir)\source\i18n\uspoof_build.cpp">
      <Filter>Source Files</Filter>
    </ClCompile>
    <ClCompile Include="$(IcuSrcDir)\source\i18n\uspoof_conf.cpp">
      <Filter>Source Files</Filter>
    </ClCompile>
    <ClCompile Include="$(IcuSrcDir)\source\i18n\uspoof_impl.cpp">
      <Filter>Source Files</Filter>
    </ClCompile>
    <ClCompile Include="$(IcuSrcDir)\source\i18n\uspoof_wsconf.cpp">
      <Filter>Source Files</Filter>
    </ClCompile>
  </ItemGroup>
  <ItemGroup>
  </ItemGroup>
</Project>