<?xml version="1.0" encoding="utf-8"?>
<Project ToolsVersion="4.0" xmlns="http://schemas.microsoft.com/developer/msbuild/2003">
  <ItemGroup>
    <Filter Include="Source Files">
      <UniqueIdentifier>{e34fab7a-c369-4cab-ba6c-14b729809cf3}</UniqueIdentifier>
      <Extensions>cpp;c;cc;cxx;def;odl;idl;hpj;bat;asm;asmx</Extensions>
    </Filter>
    <Filter Include="Header Files">
      <UniqueIdentifier>{417f8e71-8c6a-4d2f-9dd5-c510e17755ae}</UniqueIdentifier>
      <Extensions>h;hpp;hxx;hm;inl;inc;xsd</Extensions>
    </Filter>
  </ItemGroup>
  <ItemGroup>
    <ClCompile Include="$(LibRevengeSrcDir)\src\lib\RVNGOLEStream.cpp">
      <Filter>Source Files</Filter>
    </ClCompile>
    <ClCompile Include="$(LibRevengeSrcDir)\src\lib\RVNGStreamImplementation.cpp">
      <Filter>Source Files</Filter>
    </ClCompile>
    <ClCompile Include="$(LibRevengeSrcDir)\src\lib\RVNGZipStream.cpp">
      <Filter>Source Files</Filter>
    </ClCompile>
    <ClCompile Include="$(LibRevengeSrcDir)\src\lib\RVNGMemoryStream.cpp">
      <Filter>Source Files</Filter>
    </ClCompile>
    <ClCompile Include="$(LibRevengeSrcDir)\src\lib\RVNGBinaryData.cpp">
      <Filter>Source Files</Filter>
    </ClCompile>
    <ClCompile Include="$(LibRevengeSrcDir)\src\lib\RVNGString.cpp">
      <Filter>Source Files</Filter>
    </ClCompile>
    <ClCompile Include="$(LibRevengeSrcDir)\src\lib\RVNGStringVector.cpp">
      <Filter>Source Files</Filter>
    </ClCompile>
    <ClCompile Include="$(LibRevengeSrcDir)\src\lib\RVNGProperty.cpp">
      <Filter>Source Files</Filter>
    </ClCompile>
    <ClCompile Include="$(LibRevengeSrcDir)\src\lib\RVNGPropertyList.cpp">
      <Filter>Source Files</Filter>
    </ClCompile>
    <ClCompile Include="$(LibRevengeSrcDir)\src\lib\RVNGPropertyListVector.cpp">
      <Filter>Source Files</Filter>
    </ClCompile>
    <ClCompile Include="$(LibRevengeSrcDir)\src\lib\RVNGSVGDrawingGenerator.cpp">
      <Filter>Source Files</Filter>
    </ClCompile>
  </ItemGroup>
  <ItemGroup>
    <ClInclude Include="$(LibRevengeSrcDir)\inc\librevenge-stream\librevenge-stream.h">
      <Filter>Header Files</Filter>
    </ClInclude>
    <ClInclude Include="$(LibRevengeSrcDir)\inc\librevenge-stream\RVNGStream.h">
      <Filter>Header Files</Filter>
    </ClInclude>
    <ClInclude Include="$(LibRevengeSrcDir)\inc\librevenge-stream\RVNGStreamImplementation.h">
      <Filter>Header Files</Filter>
    </ClInclude>
    <ClInclude Include="$(LibRevengeSrcDir)\src\lib\RVNGOLEStream.h">
      <Filter>Header Files</Filter>
    </ClInclude>
    <ClInclude Include="$(LibRevengeSrcDir)\src\lib\RVNGZipStream.h">
      <Filter>Header Files</Filter>
    </ClInclude>
  </ItemGroup>
</Project>