
Microsoft Visual Studio Solution File, Format Version 11.00
# Visual C++ Express 2010
Project("{8BC9CEB8-8B4A-11D0-8D11-00A0C91BC942}") = "vector-jni-test", "vector-jni-test.vcxproj", "{97552CFA-640F-4DFC-8B31-CAC7E2DDAD12}"
	ProjectSection(ProjectDependencies) = postProject
		{4FD99384-FACC-4C74-8D86-E15EC0AC1817} = {4FD99384-FACC-4C74-8D86-E15EC0AC1817}
	EndProjectSection
EndProject
Project("{8BC9CEB8-8B4A-11D0-8D11-00A0C91BC942}") = "vector-jni", "vector-jni.vcxproj", "{4FD99384-FACC-4C74-8D86-E15EC0AC1817}"
EndProject
Project("{8BC9CEB8-8B4A-11D0-8D11-00A0C91BC942}") = "vector-console", "vector-console.vcxproj", "{B1210683-555C-41D0-8001-0397B485ACB3}"
	ProjectSection(ProjectDependencies) = postProject
		{D6973076-9317-4EF2-A0B8-B7A18AC0713E} = {D6973076-9317-4EF2-A0B8-B7A18AC0713E}
		{4FD99384-FACC-4C74-8D86-E15EC0AC1817} = {4FD99384-FACC-4C74-8D86-E15EC0AC1817}
		{8FD826F8-3739-44E6-8CC8-997122E53B8D} = {8FD826F8-3739-44E6-8CC8-997122E53B8D}
	EndProjectSection
EndProject
Project("{8BC9CEB8-8B4A-11D0-8D11-00A0C91BC942}") = "gmock", "gmock.vcxproj", "{34681F0D-CE45-415D-B5F2-5C662DFE3BD5}"
EndProject
Project("{8BC9CEB8-8B4A-11D0-8D11-00A0C91BC942}") = "gmock-main", "gmock-main.vcxproj", "{E4EF614B-30DF-4954-8C53-580A0BF6B589}"
EndProject
Project("{8BC9CEB8-8B4A-11D0-8D11-00A0C91BC942}") = "zlib", "zlib.vcxproj", "{8FD826F8-3739-44E6-8CC8-997122E53B8D}"
EndProject
Project("{8BC9CEB8-8B4A-11D0-8D11-00A0C91BC942}") = "libpng", "libpng.vcxproj", "{D6973076-9317-4EF2-A0B8-B7A18AC0713E}"
	ProjectSection(ProjectDependencies) = postProject
		{8FD826F8-3739-44E6-8CC8-997122E53B8D} = {8FD826F8-3739-44E6-8CC8-997122E53B8D}
	EndProjectSection
EndProject
Project("{8BC9CEB8-8B4A-11D0-8D11-00A0C91BC942}") = "vector-console-test", "vector-console-test.vcxproj", "{D553592D-00E5-4019-9358-2A8D5035F5B4}"
EndProject
Project("{8BC9CEB8-8B4A-11D0-8D11-00A0C91BC942}") = "vector-ps", "vector-ps.vcxproj", "{94361B3C-42E9-43DC-AD15-F04F03A6CE74}"
	ProjectSection(ProjectDependencies) = postProject
		{4FD99384-FACC-4C74-8D86-E15EC0AC1817} = {4FD99384-FACC-4C74-8D86-E15EC0AC1817}
	EndProjectSection
EndProject
Project("{8BC9CEB8-8B4A-11D0-8D11-00A0C91BC942}") = "vector-ps-test", "vector-ps-test.vcxproj", "{AC3DC4BA-D5C2-46DA-8D64-85D81947AC55}"
	ProjectSection(ProjectDependencies) = postProject
		{3BAE633F-ED04-453B-88B4-201E4EBE88A7} = {3BAE633F-ED04-453B-88B4-201E4EBE88A7}
		{B5F43A54-7587-4FC4-8A21-EF5014C17A11} = {B5F43A54-7587-4FC4-8A21-EF5014C17A11}
		{A1DEFD68-C926-410F-B47C-9CFA848A89F5} = {A1DEFD68-C926-410F-B47C-9CFA848A89F5}
		{8FD826F8-3739-44E6-8CC8-997122E53B8D} = {8FD826F8-3739-44E6-8CC8-997122E53B8D}
	EndProjectSection
EndProject
Project("{8BC9CEB8-8B4A-11D0-8D11-00A0C91BC942}") = "vector-exception", "vector-exception.vcxproj", "{B59A4368-2A53-49D6-9213-A77FDA7E6024}"
EndProject
Project("{8BC9CEB8-8B4A-11D0-8D11-00A0C91BC942}") = "vector-exception-test", "vector-exception-test.vcxproj", "{27FB7F7A-1DD8-4A7D-83F5-D9E3416F0AC6}"
EndProject
Project("{8BC9CEB8-8B4A-11D0-8D11-00A0C91BC942}") = "vector-console-core", "vector-console-core.vcxproj", "{DF41E588-87A6-46EE-A140-68A1568F19DE}"
EndProject
Project("{8BC9CEB8-8B4A-11D0-8D11-00A0C91BC942}") = "libcdr", "libcdr.vcxproj", "{B5F43A54-7587-4FC4-8A21-EF5014C17A11}"
	ProjectSection(ProjectDependencies) = postProject
		{A1DEFD68-C926-410F-B47C-9CFA848A89F5} = {A1DEFD68-C926-410F-B47C-9CFA848A89F5}
		{DE1EC586-A5B8-4994-A062-09D3A6E1F97F} = {DE1EC586-A5B8-4994-A062-09D3A6E1F97F}
	EndProjectSection
EndProject
Project("{8BC9CEB8-8B4A-11D0-8D11-00A0C91BC942}") = "libwpd", "libwpd.vcxproj", "{A1DEFD68-C926-410F-B47C-9CFA848A89F5}"
EndProject
Project("{8BC9CEB8-8B4A-11D0-8D11-00A0C91BC942}") = "lcms2", "lcms2.vcxproj", "{3BAE633F-ED04-453B-88B4-201E4EBE88A7}"
EndProject
Project("{8BC9CEB8-8B4A-11D0-8D11-00A0C91BC942}") = "libwpg", "libwpg.vcxproj", "{1F6924BE-2FA2-4D57-9E37-A233E26BB03B}"
EndProject
Project("{8BC9CEB8-8B4A-11D0-8D11-00A0C91BC942}") = "icu_i18n", "icu_i18n.vcxproj", "{DE1EC586-A5B8-4994-A062-09D3A6E1F97F}"
EndProject
Project("{8BC9CEB8-8B4A-11D0-8D11-00A0C91BC942}") = "icu_common", "icu_common.vcxproj", "{554C5CA7-CBBE-4E8F-93A1-CB3B65ED7416}"
EndProject
Project("{8BC9CEB8-8B4A-11D0-8D11-00A0C91BC942}") = "icu_stubdata", "icu_stubdata.vcxproj", "{88697FE0-2E9F-11E3-AA6E-0800200C9A66}"
EndProject
Project("{8BC9CEB8-8B4A-11D0-8D11-00A0C91BC942}") = "librevenge", "librevenge.vcxproj", "{A40B5201-F2DA-4F82-8279-770C3E77457E}"
EndProject
Global
	GlobalSection(SolutionConfigurationPlatforms) = preSolution
		Debug|Win32 = Debug|Win32
		Debug|x64 = Debug|x64
		Release|Win32 = Release|Win32
		Release|x64 = Release|x64
		ReleaseCdr|Win32 = ReleaseCdr|Win32
		ReleaseCdr|x64 = ReleaseCdr|x64
		ReleaseEmf|Win32 = ReleaseEmf|Win32
		ReleaseEmf|x64 = ReleaseEmf|x64
		ReleaseSvg|Win32 = ReleaseSvg|Win32
		ReleaseSvg|x64 = ReleaseSvg|x64
		ReleaseWmf|Win32 = ReleaseWmf|Win32
		ReleaseWmf|x64 = ReleaseWmf|x64
		ReleaseWpg|Win32 = ReleaseWpg|Win32
		ReleaseWpg|x64 = ReleaseWpg|x64
	EndGlobalSection
	GlobalSection(ProjectConfigurationPlatforms) = postSolution
		{97552CFA-640F-4DFC-8B31-CAC7E2DDAD12}.Debug|Win32.ActiveCfg = Debug|Win32
		{97552CFA-640F-4DFC-8B31-CAC7E2DDAD12}.Debug|Win32.Build.0 = Debug|Win32
		{97552CFA-640F-4DFC-8B31-CAC7E2DDAD12}.Debug|x64.ActiveCfg = Debug|x64
		{97552CFA-640F-4DFC-8B31-CAC7E2DDAD12}.Debug|x64.Build.0 = Debug|x64
		{97552CFA-640F-4DFC-8B31-CAC7E2DDAD12}.Release|Win32.ActiveCfg = Release|Win32
		{97552CFA-640F-4DFC-8B31-CAC7E2DDAD12}.Release|Win32.Build.0 = Release|Win32
		{97552CFA-640F-4DFC-8B31-CAC7E2DDAD12}.Release|x64.ActiveCfg = Release|x64
		{97552CFA-640F-4DFC-8B31-CAC7E2DDAD12}.Release|x64.Build.0 = Release|x64
		{97552CFA-640F-4DFC-8B31-CAC7E2DDAD12}.ReleaseCdr|Win32.ActiveCfg = Release|Win32
		{97552CFA-640F-4DFC-8B31-CAC7E2DDAD12}.ReleaseCdr|Win32.Build.0 = Release|Win32
		{97552CFA-640F-4DFC-8B31-CAC7E2DDAD12}.ReleaseCdr|x64.ActiveCfg = Release|x64
		{97552CFA-640F-4DFC-8B31-CAC7E2DDAD12}.ReleaseCdr|x64.Build.0 = Release|x64
		{97552CFA-640F-4DFC-8B31-CAC7E2DDAD12}.ReleaseEmf|Win32.ActiveCfg = Release|Win32
		{97552CFA-640F-4DFC-8B31-CAC7E2DDAD12}.ReleaseEmf|Win32.Build.0 = Release|Win32
		{97552CFA-640F-4DFC-8B31-CAC7E2DDAD12}.ReleaseEmf|x64.ActiveCfg = Release|x64
		{97552CFA-640F-4DFC-8B31-CAC7E2DDAD12}.ReleaseEmf|x64.Build.0 = Release|x64
		{97552CFA-640F-4DFC-8B31-CAC7E2DDAD12}.ReleaseSvg|Win32.ActiveCfg = Release|Win32
		{97552CFA-640F-4DFC-8B31-CAC7E2DDAD12}.ReleaseSvg|Win32.Build.0 = Release|Win32
		{97552CFA-640F-4DFC-8B31-CAC7E2DDAD12}.ReleaseSvg|x64.ActiveCfg = Release|x64
		{97552CFA-640F-4DFC-8B31-CAC7E2DDAD12}.ReleaseSvg|x64.Build.0 = Release|x64
		{97552CFA-640F-4DFC-8B31-CAC7E2DDAD12}.ReleaseWmf|Win32.ActiveCfg = Release|Win32
		{97552CFA-640F-4DFC-8B31-CAC7E2DDAD12}.ReleaseWmf|Win32.Build.0 = Release|Win32
		{97552CFA-640F-4DFC-8B31-CAC7E2DDAD12}.ReleaseWmf|x64.ActiveCfg = Release|x64
		{97552CFA-640F-4DFC-8B31-CAC7E2DDAD12}.ReleaseWmf|x64.Build.0 = Release|x64
		{97552CFA-640F-4DFC-8B31-CAC7E2DDAD12}.ReleaseWpg|Win32.ActiveCfg = Release|Win32
		{97552CFA-640F-4DFC-8B31-CAC7E2DDAD12}.ReleaseWpg|Win32.Build.0 = Release|Win32
		{97552CFA-640F-4DFC-8B31-CAC7E2DDAD12}.ReleaseWpg|x64.ActiveCfg = Release|x64
		{97552CFA-640F-4DFC-8B31-CAC7E2DDAD12}.ReleaseWpg|x64.Build.0 = Release|x64
		{4FD99384-FACC-4C74-8D86-E15EC0AC1817}.Debug|Win32.ActiveCfg = Debug|Win32
		{4FD99384-FACC-4C74-8D86-E15EC0AC1817}.Debug|Win32.Build.0 = Debug|Win32
		{4FD99384-FACC-4C74-8D86-E15EC0AC1817}.Debug|x64.ActiveCfg = Debug|x64
		{4FD99384-FACC-4C74-8D86-E15EC0AC1817}.Debug|x64.Build.0 = Debug|x64
		{4FD99384-FACC-4C74-8D86-E15EC0AC1817}.Release|Win32.ActiveCfg = Release|Win32
		{4FD99384-FACC-4C74-8D86-E15EC0AC1817}.Release|Win32.Build.0 = Release|Win32
		{4FD99384-FACC-4C74-8D86-E15EC0AC1817}.Release|x64.ActiveCfg = Release|x64
		{4FD99384-FACC-4C74-8D86-E15EC0AC1817}.Release|x64.Build.0 = Release|x64
		{4FD99384-FACC-4C74-8D86-E15EC0AC1817}.ReleaseCdr|Win32.ActiveCfg = Release|Win32
		{4FD99384-FACC-4C74-8D86-E15EC0AC1817}.ReleaseCdr|Win32.Build.0 = Release|Win32
		{4FD99384-FACC-4C74-8D86-E15EC0AC1817}.ReleaseCdr|x64.ActiveCfg = Release|x64
		{4FD99384-FACC-4C74-8D86-E15EC0AC1817}.ReleaseCdr|x64.Build.0 = Release|x64
		{4FD99384-FACC-4C74-8D86-E15EC0AC1817}.ReleaseEmf|Win32.ActiveCfg = Release|Win32
		{4FD99384-FACC-4C74-8D86-E15EC0AC1817}.ReleaseEmf|Win32.Build.0 = Release|Win32
		{4FD99384-FACC-4C74-8D86-E15EC0AC1817}.ReleaseEmf|x64.ActiveCfg = Release|x64
		{4FD99384-FACC-4C74-8D86-E15EC0AC1817}.ReleaseEmf|x64.Build.0 = Release|x64
		{4FD99384-FACC-4C74-8D86-E15EC0AC1817}.ReleaseSvg|Win32.ActiveCfg = Release|Win32
		{4FD99384-FACC-4C74-8D86-E15EC0AC1817}.ReleaseSvg|Win32.Build.0 = Release|Win32
		{4FD99384-FACC-4C74-8D86-E15EC0AC1817}.ReleaseSvg|x64.ActiveCfg = Release|x64
		{4FD99384-FACC-4C74-8D86-E15EC0AC1817}.ReleaseSvg|x64.Build.0 = Release|x64
		{4FD99384-FACC-4C74-8D86-E15EC0AC1817}.ReleaseWmf|Win32.ActiveCfg = Release|Win32
		{4FD99384-FACC-4C74-8D86-E15EC0AC1817}.ReleaseWmf|Win32.Build.0 = Release|Win32
		{4FD99384-FACC-4C74-8D86-E15EC0AC1817}.ReleaseWmf|x64.ActiveCfg = Release|x64
		{4FD99384-FACC-4C74-8D86-E15EC0AC1817}.ReleaseWmf|x64.Build.0 = Release|x64
		{4FD99384-FACC-4C74-8D86-E15EC0AC1817}.ReleaseWpg|Win32.ActiveCfg = Release|Win32
		{4FD99384-FACC-4C74-8D86-E15EC0AC1817}.ReleaseWpg|Win32.Build.0 = Release|Win32
		{4FD99384-FACC-4C74-8D86-E15EC0AC1817}.ReleaseWpg|x64.ActiveCfg = Release|x64
		{4FD99384-FACC-4C74-8D86-E15EC0AC1817}.ReleaseWpg|x64.Build.0 = Release|x64
		{B1210683-555C-41D0-8001-0397B485ACB3}.Debug|Win32.ActiveCfg = Debug|Win32
		{B1210683-555C-41D0-8001-0397B485ACB3}.Debug|Win32.Build.0 = Debug|Win32
		{B1210683-555C-41D0-8001-0397B485ACB3}.Debug|x64.ActiveCfg = Debug|x64
		{B1210683-555C-41D0-8001-0397B485ACB3}.Debug|x64.Build.0 = Debug|x64
		{B1210683-555C-41D0-8001-0397B485ACB3}.Release|Win32.ActiveCfg = Release|Win32
		{B1210683-555C-41D0-8001-0397B485ACB3}.Release|Win32.Build.0 = Release|Win32
		{B1210683-555C-41D0-8001-0397B485ACB3}.Release|x64.ActiveCfg = Release|x64
		{B1210683-555C-41D0-8001-0397B485ACB3}.Release|x64.Build.0 = Release|x64
		{B1210683-555C-41D0-8001-0397B485ACB3}.ReleaseCdr|Win32.ActiveCfg = Release|Win32
		{B1210683-555C-41D0-8001-0397B485ACB3}.ReleaseCdr|Win32.Build.0 = Release|Win32
		{B1210683-555C-41D0-8001-0397B485ACB3}.ReleaseCdr|x64.ActiveCfg = Release|x64
		{B1210683-555C-41D0-8001-0397B485ACB3}.ReleaseCdr|x64.Build.0 = Release|x64
		{B1210683-555C-41D0-8001-0397B485ACB3}.ReleaseEmf|Win32.ActiveCfg = Release|Win32
		{B1210683-555C-41D0-8001-0397B485ACB3}.ReleaseEmf|Win32.Build.0 = Release|Win32
		{B1210683-555C-41D0-8001-0397B485ACB3}.ReleaseEmf|x64.ActiveCfg = Release|x64
		{B1210683-555C-41D0-8001-0397B485ACB3}.ReleaseEmf|x64.Build.0 = Release|x64
		{B1210683-555C-41D0-8001-0397B485ACB3}.ReleaseSvg|Win32.ActiveCfg = Release|Win32
		{B1210683-555C-41D0-8001-0397B485ACB3}.ReleaseSvg|Win32.Build.0 = Release|Win32
		{B1210683-555C-41D0-8001-0397B485ACB3}.ReleaseSvg|x64.ActiveCfg = Release|x64
		{B1210683-555C-41D0-8001-0397B485ACB3}.ReleaseSvg|x64.Build.0 = Release|x64
		{B1210683-555C-41D0-8001-0397B485ACB3}.ReleaseWmf|Win32.ActiveCfg = Release|Win32
		{B1210683-555C-41D0-8001-0397B485ACB3}.ReleaseWmf|Win32.Build.0 = Release|Win32
		{B1210683-555C-41D0-8001-0397B485ACB3}.ReleaseWmf|x64.ActiveCfg = Release|x64
		{B1210683-555C-41D0-8001-0397B485ACB3}.ReleaseWmf|x64.Build.0 = Release|x64
		{B1210683-555C-41D0-8001-0397B485ACB3}.ReleaseWpg|Win32.ActiveCfg = Release|Win32
		{B1210683-555C-41D0-8001-0397B485ACB3}.ReleaseWpg|Win32.Build.0 = Release|Win32
		{B1210683-555C-41D0-8001-0397B485ACB3}.ReleaseWpg|x64.ActiveCfg = Release|x64
		{B1210683-555C-41D0-8001-0397B485ACB3}.ReleaseWpg|x64.Build.0 = Release|x64
		{34681F0D-CE45-415D-B5F2-5C662DFE3BD5}.Debug|Win32.ActiveCfg = Debug|Win32
		{34681F0D-CE45-415D-B5F2-5C662DFE3BD5}.Debug|Win32.Build.0 = Debug|Win32
		{34681F0D-CE45-415D-B5F2-5C662DFE3BD5}.Debug|x64.ActiveCfg = Debug|x64
		{34681F0D-CE45-415D-B5F2-5C662DFE3BD5}.Debug|x64.Build.0 = Debug|x64
		{34681F0D-CE45-415D-B5F2-5C662DFE3BD5}.Release|Win32.ActiveCfg = Release|Win32
		{34681F0D-CE45-415D-B5F2-5C662DFE3BD5}.Release|Win32.Build.0 = Release|Win32
		{34681F0D-CE45-415D-B5F2-5C662DFE3BD5}.Release|x64.ActiveCfg = Release|x64
		{34681F0D-CE45-415D-B5F2-5C662DFE3BD5}.Release|x64.Build.0 = Release|x64
		{34681F0D-CE45-415D-B5F2-5C662DFE3BD5}.ReleaseCdr|Win32.ActiveCfg = Release|Win32
		{34681F0D-CE45-415D-B5F2-5C662DFE3BD5}.ReleaseCdr|Win32.Build.0 = Release|Win32
		{34681F0D-CE45-415D-B5F2-5C662DFE3BD5}.ReleaseCdr|x64.ActiveCfg = Release|x64
		{34681F0D-CE45-415D-B5F2-5C662DFE3BD5}.ReleaseCdr|x64.Build.0 = Release|x64
		{34681F0D-CE45-415D-B5F2-5C662DFE3BD5}.ReleaseEmf|Win32.ActiveCfg = Release|Win32
		{34681F0D-CE45-415D-B5F2-5C662DFE3BD5}.ReleaseEmf|Win32.Build.0 = Release|Win32
		{34681F0D-CE45-415D-B5F2-5C662DFE3BD5}.ReleaseEmf|x64.ActiveCfg = Release|x64
		{34681F0D-CE45-415D-B5F2-5C662DFE3BD5}.ReleaseEmf|x64.Build.0 = Release|x64
		{34681F0D-CE45-415D-B5F2-5C662DFE3BD5}.ReleaseSvg|Win32.ActiveCfg = Release|Win32
		{34681F0D-CE45-415D-B5F2-5C662DFE3BD5}.ReleaseSvg|Win32.Build.0 = Release|Win32
		{34681F0D-CE45-415D-B5F2-5C662DFE3BD5}.ReleaseSvg|x64.ActiveCfg = Release|x64
		{34681F0D-CE45-415D-B5F2-5C662DFE3BD5}.ReleaseSvg|x64.Build.0 = Release|x64
		{34681F0D-CE45-415D-B5F2-5C662DFE3BD5}.ReleaseWmf|Win32.ActiveCfg = Release|Win32
		{34681F0D-CE45-415D-B5F2-5C662DFE3BD5}.ReleaseWmf|Win32.Build.0 = Release|Win32
		{34681F0D-CE45-415D-B5F2-5C662DFE3BD5}.ReleaseWmf|x64.ActiveCfg = Release|x64
		{34681F0D-CE45-415D-B5F2-5C662DFE3BD5}.ReleaseWmf|x64.Build.0 = Release|x64
		{34681F0D-CE45-415D-B5F2-5C662DFE3BD5}.ReleaseWpg|Win32.ActiveCfg = Release|Win32
		{34681F0D-CE45-415D-B5F2-5C662DFE3BD5}.ReleaseWpg|Win32.Build.0 = Release|Win32
		{34681F0D-CE45-415D-B5F2-5C662DFE3BD5}.ReleaseWpg|x64.ActiveCfg = Release|x64
		{34681F0D-CE45-415D-B5F2-5C662DFE3BD5}.ReleaseWpg|x64.Build.0 = Release|x64
		{E4EF614B-30DF-4954-8C53-580A0BF6B589}.Debug|Win32.ActiveCfg = Debug|Win32
		{E4EF614B-30DF-4954-8C53-580A0BF6B589}.Debug|Win32.Build.0 = Debug|Win32
		{E4EF614B-30DF-4954-8C53-580A0BF6B589}.Debug|x64.ActiveCfg = Debug|x64
		{E4EF614B-30DF-4954-8C53-580A0BF6B589}.Debug|x64.Build.0 = Debug|x64
		{E4EF614B-30DF-4954-8C53-580A0BF6B589}.Release|Win32.ActiveCfg = Release|Win32
		{E4EF614B-30DF-4954-8C53-580A0BF6B589}.Release|Win32.Build.0 = Release|Win32
		{E4EF614B-30DF-4954-8C53-580A0BF6B589}.Release|x64.ActiveCfg = Release|x64
		{E4EF614B-30DF-4954-8C53-580A0BF6B589}.Release|x64.Build.0 = Release|x64
		{E4EF614B-30DF-4954-8C53-580A0BF6B589}.ReleaseCdr|Win32.ActiveCfg = Release|Win32
		{E4EF614B-30DF-4954-8C53-580A0BF6B589}.ReleaseCdr|Win32.Build.0 = Release|Win32
		{E4EF614B-30DF-4954-8C53-580A0BF6B589}.ReleaseCdr|x64.ActiveCfg = Release|x64
		{E4EF614B-30DF-4954-8C53-580A0BF6B589}.ReleaseCdr|x64.Build.0 = Release|x64
		{E4EF614B-30DF-4954-8C53-580A0BF6B589}.ReleaseEmf|Win32.ActiveCfg = Release|Win32
		{E4EF614B-30DF-4954-8C53-580A0BF6B589}.ReleaseEmf|Win32.Build.0 = Release|Win32
		{E4EF614B-30DF-4954-8C53-580A0BF6B589}.ReleaseEmf|x64.ActiveCfg = Release|x64
		{E4EF614B-30DF-4954-8C53-580A0BF6B589}.ReleaseEmf|x64.Build.0 = Release|x64
		{E4EF614B-30DF-4954-8C53-580A0BF6B589}.ReleaseSvg|Win32.ActiveCfg = Release|Win32
		{E4EF614B-30DF-4954-8C53-580A0BF6B589}.ReleaseSvg|Win32.Build.0 = Release|Win32
		{E4EF614B-30DF-4954-8C53-580A0BF6B589}.ReleaseSvg|x64.ActiveCfg = Release|x64
		{E4EF614B-30DF-4954-8C53-580A0BF6B589}.ReleaseSvg|x64.Build.0 = Release|x64
		{E4EF614B-30DF-4954-8C53-580A0BF6B589}.ReleaseWmf|Win32.ActiveCfg = Release|Win32
		{E4EF614B-30DF-4954-8C53-580A0BF6B589}.ReleaseWmf|Win32.Build.0 = Release|Win32
		{E4EF614B-30DF-4954-8C53-580A0BF6B589}.ReleaseWmf|x64.ActiveCfg = Release|x64
		{E4EF614B-30DF-4954-8C53-580A0BF6B589}.ReleaseWmf|x64.Build.0 = Release|x64
		{E4EF614B-30DF-4954-8C53-580A0BF6B589}.ReleaseWpg|Win32.ActiveCfg = Release|Win32
		{E4EF614B-30DF-4954-8C53-580A0BF6B589}.ReleaseWpg|Win32.Build.0 = Release|Win32
		{E4EF614B-30DF-4954-8C53-580A0BF6B589}.ReleaseWpg|x64.ActiveCfg = Release|x64
		{E4EF614B-30DF-4954-8C53-580A0BF6B589}.ReleaseWpg|x64.Build.0 = Release|x64
		{8FD826F8-3739-44E6-8CC8-997122E53B8D}.Debug|Win32.ActiveCfg = Debug|Win32
		{8FD826F8-3739-44E6-8CC8-997122E53B8D}.Debug|Win32.Build.0 = Debug|Win32
		{8FD826F8-3739-44E6-8CC8-997122E53B8D}.Debug|x64.ActiveCfg = Debug|x64
		{8FD826F8-3739-44E6-8CC8-997122E53B8D}.Debug|x64.Build.0 = Debug|x64
		{8FD826F8-3739-44E6-8CC8-997122E53B8D}.Release|Win32.ActiveCfg = Release|Win32
		{8FD826F8-3739-44E6-8CC8-997122E53B8D}.Release|Win32.Build.0 = Release|Win32
		{8FD826F8-3739-44E6-8CC8-997122E53B8D}.Release|x64.ActiveCfg = Release|x64
		{8FD826F8-3739-44E6-8CC8-997122E53B8D}.Release|x64.Build.0 = Release|x64
		{8FD826F8-3739-44E6-8CC8-997122E53B8D}.ReleaseCdr|Win32.ActiveCfg = Release|Win32
		{8FD826F8-3739-44E6-8CC8-997122E53B8D}.ReleaseCdr|Win32.Build.0 = Release|Win32
		{8FD826F8-3739-44E6-8CC8-997122E53B8D}.ReleaseCdr|x64.ActiveCfg = Release|x64
		{8FD826F8-3739-44E6-8CC8-997122E53B8D}.ReleaseCdr|x64.Build.0 = Release|x64
		{8FD826F8-3739-44E6-8CC8-997122E53B8D}.ReleaseEmf|Win32.ActiveCfg = Release|Win32
		{8FD826F8-3739-44E6-8CC8-997122E53B8D}.ReleaseEmf|Win32.Build.0 = Release|Win32
		{8FD826F8-3739-44E6-8CC8-997122E53B8D}.ReleaseEmf|x64.ActiveCfg = Release|x64
		{8FD826F8-3739-44E6-8CC8-997122E53B8D}.ReleaseEmf|x64.Build.0 = Release|x64
		{8FD826F8-3739-44E6-8CC8-997122E53B8D}.ReleaseSvg|Win32.ActiveCfg = Release|Win32
		{8FD826F8-3739-44E6-8CC8-997122E53B8D}.ReleaseSvg|Win32.Build.0 = Release|Win32
		{8FD826F8-3739-44E6-8CC8-997122E53B8D}.ReleaseSvg|x64.ActiveCfg = Release|x64
		{8FD826F8-3739-44E6-8CC8-997122E53B8D}.ReleaseSvg|x64.Build.0 = Release|x64
		{8FD826F8-3739-44E6-8CC8-997122E53B8D}.ReleaseWmf|Win32.ActiveCfg = Release|Win32
		{8FD826F8-3739-44E6-8CC8-997122E53B8D}.ReleaseWmf|Win32.Build.0 = Release|Win32
		{8FD826F8-3739-44E6-8CC8-997122E53B8D}.ReleaseWmf|x64.ActiveCfg = Release|x64
		{8FD826F8-3739-44E6-8CC8-997122E53B8D}.ReleaseWmf|x64.Build.0 = Release|x64
		{8FD826F8-3739-44E6-8CC8-997122E53B8D}.ReleaseWpg|Win32.ActiveCfg = Release|Win32
		{8FD826F8-3739-44E6-8CC8-997122E53B8D}.ReleaseWpg|Win32.Build.0 = Release|Win32
		{8FD826F8-3739-44E6-8CC8-997122E53B8D}.ReleaseWpg|x64.ActiveCfg = Release|x64
		{8FD826F8-3739-44E6-8CC8-997122E53B8D}.ReleaseWpg|x64.Build.0 = Release|x64
		{D6973076-9317-4EF2-A0B8-B7A18AC0713E}.Debug|Win32.ActiveCfg = Debug|Win32
		{D6973076-9317-4EF2-A0B8-B7A18AC0713E}.Debug|Win32.Build.0 = Debug|Win32
		{D6973076-9317-4EF2-A0B8-B7A18AC0713E}.Debug|x64.ActiveCfg = Debug|x64
		{D6973076-9317-4EF2-A0B8-B7A18AC0713E}.Debug|x64.Build.0 = Debug|x64
		{D6973076-9317-4EF2-A0B8-B7A18AC0713E}.Release|Win32.ActiveCfg = Release|Win32
		{D6973076-9317-4EF2-A0B8-B7A18AC0713E}.Release|Win32.Build.0 = Release|Win32
		{D6973076-9317-4EF2-A0B8-B7A18AC0713E}.Release|x64.ActiveCfg = Release|x64
		{D6973076-9317-4EF2-A0B8-B7A18AC0713E}.Release|x64.Build.0 = Release|x64
		{D6973076-9317-4EF2-A0B8-B7A18AC0713E}.ReleaseCdr|Win32.ActiveCfg = Release|Win32
		{D6973076-9317-4EF2-A0B8-B7A18AC0713E}.ReleaseCdr|Win32.Build.0 = Release|Win32
		{D6973076-9317-4EF2-A0B8-B7A18AC0713E}.ReleaseCdr|x64.ActiveCfg = Release|x64
		{D6973076-9317-4EF2-A0B8-B7A18AC0713E}.ReleaseCdr|x64.Build.0 = Release|x64
		{D6973076-9317-4EF2-A0B8-B7A18AC0713E}.ReleaseEmf|Win32.ActiveCfg = Release|Win32
		{D6973076-9317-4EF2-A0B8-B7A18AC0713E}.ReleaseEmf|Win32.Build.0 = Release|Win32
		{D6973076-9317-4EF2-A0B8-B7A18AC0713E}.ReleaseEmf|x64.ActiveCfg = Release|x64
		{D6973076-9317-4EF2-A0B8-B7A18AC0713E}.ReleaseEmf|x64.Build.0 = Release|x64
		{D6973076-9317-4EF2-A0B8-B7A18AC0713E}.ReleaseSvg|Win32.ActiveCfg = Release|Win32
		{D6973076-9317-4EF2-A0B8-B7A18AC0713E}.ReleaseSvg|Win32.Build.0 = Release|Win32
		{D6973076-9317-4EF2-A0B8-B7A18AC0713E}.ReleaseSvg|x64.ActiveCfg = Release|x64
		{D6973076-9317-4EF2-A0B8-B7A18AC0713E}.ReleaseSvg|x64.Build.0 = Release|x64
		{D6973076-9317-4EF2-A0B8-B7A18AC0713E}.ReleaseWmf|Win32.ActiveCfg = Release|Win32
		{D6973076-9317-4EF2-A0B8-B7A18AC0713E}.ReleaseWmf|Win32.Build.0 = Release|Win32
		{D6973076-9317-4EF2-A0B8-B7A18AC0713E}.ReleaseWmf|x64.ActiveCfg = Release|x64
		{D6973076-9317-4EF2-A0B8-B7A18AC0713E}.ReleaseWmf|x64.Build.0 = Release|x64
		{D6973076-9317-4EF2-A0B8-B7A18AC0713E}.ReleaseWpg|Win32.ActiveCfg = Release|Win32
		{D6973076-9317-4EF2-A0B8-B7A18AC0713E}.ReleaseWpg|Win32.Build.0 = Release|Win32
		{D6973076-9317-4EF2-A0B8-B7A18AC0713E}.ReleaseWpg|x64.ActiveCfg = Release|x64
		{D6973076-9317-4EF2-A0B8-B7A18AC0713E}.ReleaseWpg|x64.Build.0 = Release|x64
		{D553592D-00E5-4019-9358-2A8D5035F5B4}.Debug|Win32.ActiveCfg = Debug|Win32
		{D553592D-00E5-4019-9358-2A8D5035F5B4}.Debug|Win32.Build.0 = Debug|Win32
		{D553592D-00E5-4019-9358-2A8D5035F5B4}.Debug|x64.ActiveCfg = Debug|x64
		{D553592D-00E5-4019-9358-2A8D5035F5B4}.Debug|x64.Build.0 = Debug|x64
		{D553592D-00E5-4019-9358-2A8D5035F5B4}.Release|Win32.ActiveCfg = Release|Win32
		{D553592D-00E5-4019-9358-2A8D5035F5B4}.Release|Win32.Build.0 = Release|Win32
		{D553592D-00E5-4019-9358-2A8D5035F5B4}.Release|x64.ActiveCfg = Release|x64
		{D553592D-00E5-4019-9358-2A8D5035F5B4}.Release|x64.Build.0 = Release|x64
		{D553592D-00E5-4019-9358-2A8D5035F5B4}.ReleaseCdr|Win32.ActiveCfg = Release|Win32
		{D553592D-00E5-4019-9358-2A8D5035F5B4}.ReleaseCdr|Win32.Build.0 = Release|Win32
		{D553592D-00E5-4019-9358-2A8D5035F5B4}.ReleaseCdr|x64.ActiveCfg = Release|x64
		{D553592D-00E5-4019-9358-2A8D5035F5B4}.ReleaseCdr|x64.Build.0 = Release|x64
		{D553592D-00E5-4019-9358-2A8D5035F5B4}.ReleaseEmf|Win32.ActiveCfg = Release|Win32
		{D553592D-00E5-4019-9358-2A8D5035F5B4}.ReleaseEmf|Win32.Build.0 = Release|Win32
		{D553592D-00E5-4019-9358-2A8D5035F5B4}.ReleaseEmf|x64.ActiveCfg = Release|x64
		{D553592D-00E5-4019-9358-2A8D5035F5B4}.ReleaseEmf|x64.Build.0 = Release|x64
		{D553592D-00E5-4019-9358-2A8D5035F5B4}.ReleaseSvg|Win32.ActiveCfg = Release|Win32
		{D553592D-00E5-4019-9358-2A8D5035F5B4}.ReleaseSvg|Win32.Build.0 = Release|Win32
		{D553592D-00E5-4019-9358-2A8D5035F5B4}.ReleaseSvg|x64.ActiveCfg = Release|x64
		{D553592D-00E5-4019-9358-2A8D5035F5B4}.ReleaseSvg|x64.Build.0 = Release|x64
		{D553592D-00E5-4019-9358-2A8D5035F5B4}.ReleaseWmf|Win32.ActiveCfg = Release|Win32
		{D553592D-00E5-4019-9358-2A8D5035F5B4}.ReleaseWmf|Win32.Build.0 = Release|Win32
		{D553592D-00E5-4019-9358-2A8D5035F5B4}.ReleaseWmf|x64.ActiveCfg = Release|x64
		{D553592D-00E5-4019-9358-2A8D5035F5B4}.ReleaseWmf|x64.Build.0 = Release|x64
		{D553592D-00E5-4019-9358-2A8D5035F5B4}.ReleaseWpg|Win32.ActiveCfg = Release|Win32
		{D553592D-00E5-4019-9358-2A8D5035F5B4}.ReleaseWpg|Win32.Build.0 = Release|Win32
		{D553592D-00E5-4019-9358-2A8D5035F5B4}.ReleaseWpg|x64.ActiveCfg = Release|x64
		{D553592D-00E5-4019-9358-2A8D5035F5B4}.ReleaseWpg|x64.Build.0 = Release|x64
		{94361B3C-42E9-43DC-AD15-F04F03A6CE74}.Debug|Win32.ActiveCfg = Debug|Win32
		{94361B3C-42E9-43DC-AD15-F04F03A6CE74}.Debug|Win32.Build.0 = Debug|Win32
		{94361B3C-42E9-43DC-AD15-F04F03A6CE74}.Debug|x64.ActiveCfg = Debug|x64
		{94361B3C-42E9-43DC-AD15-F04F03A6CE74}.Debug|x64.Build.0 = Debug|x64
		{94361B3C-42E9-43DC-AD15-F04F03A6CE74}.Release|Win32.ActiveCfg = ReleaseSvg|Win32
		{94361B3C-42E9-43DC-AD15-F04F03A6CE74}.Release|Win32.Build.0 = ReleaseSvg|Win32
		{94361B3C-42E9-43DC-AD15-F04F03A6CE74}.Release|x64.ActiveCfg = ReleaseSvg|x64
		{94361B3C-42E9-43DC-AD15-F04F03A6CE74}.Release|x64.Build.0 = ReleaseSvg|x64
		{94361B3C-42E9-43DC-AD15-F04F03A6CE74}.ReleaseCdr|Win32.ActiveCfg = ReleaseCdr|Win32
		{94361B3C-42E9-43DC-AD15-F04F03A6CE74}.ReleaseCdr|Win32.Build.0 = ReleaseCdr|Win32
		{94361B3C-42E9-43DC-AD15-F04F03A6CE74}.ReleaseCdr|x64.ActiveCfg = ReleaseCdr|x64
		{94361B3C-42E9-43DC-AD15-F04F03A6CE74}.ReleaseCdr|x64.Build.0 = ReleaseCdr|x64
		{94361B3C-42E9-43DC-AD15-F04F03A6CE74}.ReleaseEmf|Win32.ActiveCfg = ReleaseEmf|Win32
		{94361B3C-42E9-43DC-AD15-F04F03A6CE74}.ReleaseEmf|Win32.Build.0 = ReleaseEmf|Win32
		{94361B3C-42E9-43DC-AD15-F04F03A6CE74}.ReleaseEmf|x64.ActiveCfg = ReleaseEmf|x64
		{94361B3C-42E9-43DC-AD15-F04F03A6CE74}.ReleaseEmf|x64.Build.0 = ReleaseEmf|x64
		{94361B3C-42E9-43DC-AD15-F04F03A6CE74}.ReleaseSvg|Win32.ActiveCfg = ReleaseSvg|Win32
		{94361B3C-42E9-43DC-AD15-F04F03A6CE74}.ReleaseSvg|Win32.Build.0 = ReleaseSvg|Win32
		{94361B3C-42E9-43DC-AD15-F04F03A6CE74}.ReleaseSvg|x64.ActiveCfg = ReleaseSvg|x64
		{94361B3C-42E9-43DC-AD15-F04F03A6CE74}.ReleaseSvg|x64.Build.0 = ReleaseSvg|x64
		{94361B3C-42E9-43DC-AD15-F04F03A6CE74}.ReleaseWmf|Win32.ActiveCfg = ReleaseWmf|Win32
		{94361B3C-42E9-43DC-AD15-F04F03A6CE74}.ReleaseWmf|Win32.Build.0 = ReleaseWmf|Win32
		{94361B3C-42E9-43DC-AD15-F04F03A6CE74}.ReleaseWmf|x64.ActiveCfg = ReleaseWmf|x64
		{94361B3C-42E9-43DC-AD15-F04F03A6CE74}.ReleaseWmf|x64.Build.0 = ReleaseWmf|x64
		{94361B3C-42E9-43DC-AD15-F04F03A6CE74}.ReleaseWpg|Win32.ActiveCfg = ReleaseWpg|Win32
		{94361B3C-42E9-43DC-AD15-F04F03A6CE74}.ReleaseWpg|Win32.Build.0 = ReleaseWpg|Win32
		{94361B3C-42E9-43DC-AD15-F04F03A6CE74}.ReleaseWpg|x64.ActiveCfg = ReleaseWpg|x64
		{94361B3C-42E9-43DC-AD15-F04F03A6CE74}.ReleaseWpg|x64.Build.0 = ReleaseWpg|x64
		{AC3DC4BA-D5C2-46DA-8D64-85D81947AC55}.Debug|Win32.ActiveCfg = Debug|Win32
		{AC3DC4BA-D5C2-46DA-8D64-85D81947AC55}.Debug|Win32.Build.0 = Debug|Win32
		{AC3DC4BA-D5C2-46DA-8D64-85D81947AC55}.Debug|x64.ActiveCfg = Debug|x64
		{AC3DC4BA-D5C2-46DA-8D64-85D81947AC55}.Debug|x64.Build.0 = Debug|x64
		{AC3DC4BA-D5C2-46DA-8D64-85D81947AC55}.Release|Win32.ActiveCfg = Release|Win32
		{AC3DC4BA-D5C2-46DA-8D64-85D81947AC55}.Release|Win32.Build.0 = Release|Win32
		{AC3DC4BA-D5C2-46DA-8D64-85D81947AC55}.Release|x64.ActiveCfg = Release|x64
		{AC3DC4BA-D5C2-46DA-8D64-85D81947AC55}.Release|x64.Build.0 = Release|x64
		{AC3DC4BA-D5C2-46DA-8D64-85D81947AC55}.ReleaseCdr|Win32.ActiveCfg = Release|Win32
		{AC3DC4BA-D5C2-46DA-8D64-85D81947AC55}.ReleaseCdr|Win32.Build.0 = Release|Win32
		{AC3DC4BA-D5C2-46DA-8D64-85D81947AC55}.ReleaseCdr|x64.ActiveCfg = Release|x64
		{AC3DC4BA-D5C2-46DA-8D64-85D81947AC55}.ReleaseCdr|x64.Build.0 = Release|x64
		{AC3DC4BA-D5C2-46DA-8D64-85D81947AC55}.ReleaseEmf|Win32.ActiveCfg = Release|Win32
		{AC3DC4BA-D5C2-46DA-8D64-85D81947AC55}.ReleaseEmf|Win32.Build.0 = Release|Win32
		{AC3DC4BA-D5C2-46DA-8D64-85D81947AC55}.ReleaseEmf|x64.ActiveCfg = Release|x64
		{AC3DC4BA-D5C2-46DA-8D64-85D81947AC55}.ReleaseEmf|x64.Build.0 = Release|x64
		{AC3DC4BA-D5C2-46DA-8D64-85D81947AC55}.ReleaseSvg|Win32.ActiveCfg = Release|Win32
		{AC3DC4BA-D5C2-46DA-8D64-85D81947AC55}.ReleaseSvg|Win32.Build.0 = Release|Win32
		{AC3DC4BA-D5C2-46DA-8D64-85D81947AC55}.ReleaseSvg|x64.ActiveCfg = Release|x64
		{AC3DC4BA-D5C2-46DA-8D64-85D81947AC55}.ReleaseSvg|x64.Build.0 = Release|x64
		{AC3DC4BA-D5C2-46DA-8D64-85D81947AC55}.ReleaseWmf|Win32.ActiveCfg = Release|Win32
		{AC3DC4BA-D5C2-46DA-8D64-85D81947AC55}.ReleaseWmf|Win32.Build.0 = Release|Win32
		{AC3DC4BA-D5C2-46DA-8D64-85D81947AC55}.ReleaseWmf|x64.ActiveCfg = Release|x64
		{AC3DC4BA-D5C2-46DA-8D64-85D81947AC55}.ReleaseWmf|x64.Build.0 = Release|x64
		{AC3DC4BA-D5C2-46DA-8D64-85D81947AC55}.ReleaseWpg|Win32.ActiveCfg = Release|Win32
		{AC3DC4BA-D5C2-46DA-8D64-85D81947AC55}.ReleaseWpg|Win32.Build.0 = Release|Win32
		{AC3DC4BA-D5C2-46DA-8D64-85D81947AC55}.ReleaseWpg|x64.ActiveCfg = Release|x64
		{AC3DC4BA-D5C2-46DA-8D64-85D81947AC55}.ReleaseWpg|x64.Build.0 = Release|x64
		{B59A4368-2A53-49D6-9213-A77FDA7E6024}.Debug|Win32.ActiveCfg = Debug|Win32
		{B59A4368-2A53-49D6-9213-A77FDA7E6024}.Debug|Win32.Build.0 = Debug|Win32
		{B59A4368-2A53-49D6-9213-A77FDA7E6024}.Debug|x64.ActiveCfg = Debug|x64
		{B59A4368-2A53-49D6-9213-A77FDA7E6024}.Debug|x64.Build.0 = Debug|x64
		{B59A4368-2A53-49D6-9213-A77FDA7E6024}.Release|Win32.ActiveCfg = Release|Win32
		{B59A4368-2A53-49D6-9213-A77FDA7E6024}.Release|Win32.Build.0 = Release|Win32
		{B59A4368-2A53-49D6-9213-A77FDA7E6024}.Release|x64.ActiveCfg = Release|x64
		{B59A4368-2A53-49D6-9213-A77FDA7E6024}.Release|x64.Build.0 = Release|x64
		{B59A4368-2A53-49D6-9213-A77FDA7E6024}.ReleaseCdr|Win32.ActiveCfg = Release|Win32
		{B59A4368-2A53-49D6-9213-A77FDA7E6024}.ReleaseCdr|Win32.Build.0 = Release|Win32
		{B59A4368-2A53-49D6-9213-A77FDA7E6024}.ReleaseCdr|x64.ActiveCfg = Release|x64
		{B59A4368-2A53-49D6-9213-A77FDA7E6024}.ReleaseCdr|x64.Build.0 = Release|x64
		{B59A4368-2A53-49D6-9213-A77FDA7E6024}.ReleaseEmf|Win32.ActiveCfg = Release|Win32
		{B59A4368-2A53-49D6-9213-A77FDA7E6024}.ReleaseEmf|Win32.Build.0 = Release|Win32
		{B59A4368-2A53-49D6-9213-A77FDA7E6024}.ReleaseEmf|x64.ActiveCfg = Release|x64
		{B59A4368-2A53-49D6-9213-A77FDA7E6024}.ReleaseEmf|x64.Build.0 = Release|x64
		{B59A4368-2A53-49D6-9213-A77FDA7E6024}.ReleaseSvg|Win32.ActiveCfg = Release|Win32
		{B59A4368-2A53-49D6-9213-A77FDA7E6024}.ReleaseSvg|Win32.Build.0 = Release|Win32
		{B59A4368-2A53-49D6-9213-A77FDA7E6024}.ReleaseSvg|x64.ActiveCfg = Release|x64
		{B59A4368-2A53-49D6-9213-A77FDA7E6024}.ReleaseSvg|x64.Build.0 = Release|x64
		{B59A4368-2A53-49D6-9213-A77FDA7E6024}.ReleaseWmf|Win32.ActiveCfg = Release|Win32
		{B59A4368-2A53-49D6-9213-A77FDA7E6024}.ReleaseWmf|Win32.Build.0 = Release|Win32
		{B59A4368-2A53-49D6-9213-A77FDA7E6024}.ReleaseWmf|x64.ActiveCfg = Release|x64
		{B59A4368-2A53-49D6-9213-A77FDA7E6024}.ReleaseWmf|x64.Build.0 = Release|x64
		{B59A4368-2A53-49D6-9213-A77FDA7E6024}.ReleaseWpg|Win32.ActiveCfg = Release|Win32
		{B59A4368-2A53-49D6-9213-A77FDA7E6024}.ReleaseWpg|Win32.Build.0 = Release|Win32
		{B59A4368-2A53-49D6-9213-A77FDA7E6024}.ReleaseWpg|x64.ActiveCfg = Release|x64
		{B59A4368-2A53-49D6-9213-A77FDA7E6024}.ReleaseWpg|x64.Build.0 = Release|x64
		{27FB7F7A-1DD8-4A7D-83F5-D9E3416F0AC6}.Debug|Win32.ActiveCfg = Debug|Win32
		{27FB7F7A-1DD8-4A7D-83F5-D9E3416F0AC6}.Debug|Win32.Build.0 = Debug|Win32
		{27FB7F7A-1DD8-4A7D-83F5-D9E3416F0AC6}.Debug|x64.ActiveCfg = Debug|x64
		{27FB7F7A-1DD8-4A7D-83F5-D9E3416F0AC6}.Debug|x64.Build.0 = Debug|x64
		{27FB7F7A-1DD8-4A7D-83F5-D9E3416F0AC6}.Release|Win32.ActiveCfg = Release|Win32
		{27FB7F7A-1DD8-4A7D-83F5-D9E3416F0AC6}.Release|Win32.Build.0 = Release|Win32
		{27FB7F7A-1DD8-4A7D-83F5-D9E3416F0AC6}.Release|x64.ActiveCfg = Release|x64
		{27FB7F7A-1DD8-4A7D-83F5-D9E3416F0AC6}.Release|x64.Build.0 = Release|x64
		{27FB7F7A-1DD8-4A7D-83F5-D9E3416F0AC6}.ReleaseCdr|Win32.ActiveCfg = Release|Win32
		{27FB7F7A-1DD8-4A7D-83F5-D9E3416F0AC6}.ReleaseCdr|Win32.Build.0 = Release|Win32
		{27FB7F7A-1DD8-4A7D-83F5-D9E3416F0AC6}.ReleaseCdr|x64.ActiveCfg = Release|x64
		{27FB7F7A-1DD8-4A7D-83F5-D9E3416F0AC6}.ReleaseCdr|x64.Build.0 = Release|x64
		{27FB7F7A-1DD8-4A7D-83F5-D9E3416F0AC6}.ReleaseEmf|Win32.ActiveCfg = Release|Win32
		{27FB7F7A-1DD8-4A7D-83F5-D9E3416F0AC6}.ReleaseEmf|Win32.Build.0 = Release|Win32
		{27FB7F7A-1DD8-4A7D-83F5-D9E3416F0AC6}.ReleaseEmf|x64.ActiveCfg = Release|x64
		{27FB7F7A-1DD8-4A7D-83F5-D9E3416F0AC6}.ReleaseEmf|x64.Build.0 = Release|x64
		{27FB7F7A-1DD8-4A7D-83F5-D9E3416F0AC6}.ReleaseSvg|Win32.ActiveCfg = Release|Win32
		{27FB7F7A-1DD8-4A7D-83F5-D9E3416F0AC6}.ReleaseSvg|Win32.Build.0 = Release|Win32
		{27FB7F7A-1DD8-4A7D-83F5-D9E3416F0AC6}.ReleaseSvg|x64.ActiveCfg = Release|x64
		{27FB7F7A-1DD8-4A7D-83F5-D9E3416F0AC6}.ReleaseSvg|x64.Build.0 = Release|x64
		{27FB7F7A-1DD8-4A7D-83F5-D9E3416F0AC6}.ReleaseWmf|Win32.ActiveCfg = Release|Win32
		{27FB7F7A-1DD8-4A7D-83F5-D9E3416F0AC6}.ReleaseWmf|Win32.Build.0 = Release|Win32
		{27FB7F7A-1DD8-4A7D-83F5-D9E3416F0AC6}.ReleaseWmf|x64.ActiveCfg = Release|x64
		{27FB7F7A-1DD8-4A7D-83F5-D9E3416F0AC6}.ReleaseWmf|x64.Build.0 = Release|x64
		{27FB7F7A-1DD8-4A7D-83F5-D9E3416F0AC6}.ReleaseWpg|Win32.ActiveCfg = Release|Win32
		{27FB7F7A-1DD8-4A7D-83F5-D9E3416F0AC6}.ReleaseWpg|Win32.Build.0 = Release|Win32
		{27FB7F7A-1DD8-4A7D-83F5-D9E3416F0AC6}.ReleaseWpg|x64.ActiveCfg = Release|x64
		{27FB7F7A-1DD8-4A7D-83F5-D9E3416F0AC6}.ReleaseWpg|x64.Build.0 = Release|x64
		{DF41E588-87A6-46EE-A140-68A1568F19DE}.Debug|Win32.ActiveCfg = Debug|Win32
		{DF41E588-87A6-46EE-A140-68A1568F19DE}.Debug|Win32.Build.0 = Debug|Win32
		{DF41E588-87A6-46EE-A140-68A1568F19DE}.Debug|x64.ActiveCfg = Debug|x64
		{DF41E588-87A6-46EE-A140-68A1568F19DE}.Debug|x64.Build.0 = Debug|x64
		{DF41E588-87A6-46EE-A140-68A1568F19DE}.Release|Win32.ActiveCfg = Release|Win32
		{DF41E588-87A6-46EE-A140-68A1568F19DE}.Release|Win32.Build.0 = Release|Win32
		{DF41E588-87A6-46EE-A140-68A1568F19DE}.Release|x64.ActiveCfg = Release|x64
		{DF41E588-87A6-46EE-A140-68A1568F19DE}.Release|x64.Build.0 = Release|x64
		{DF41E588-87A6-46EE-A140-68A1568F19DE}.ReleaseCdr|Win32.ActiveCfg = Release|Win32
		{DF41E588-87A6-46EE-A140-68A1568F19DE}.ReleaseCdr|Win32.Build.0 = Release|Win32
		{DF41E588-87A6-46EE-A140-68A1568F19DE}.ReleaseCdr|x64.ActiveCfg = Release|x64
		{DF41E588-87A6-46EE-A140-68A1568F19DE}.ReleaseCdr|x64.Build.0 = Release|x64
		{DF41E588-87A6-46EE-A140-68A1568F19DE}.ReleaseEmf|Win32.ActiveCfg = Release|Win32
		{DF41E588-87A6-46EE-A140-68A1568F19DE}.ReleaseEmf|Win32.Build.0 = Release|Win32
		{DF41E588-87A6-46EE-A140-68A1568F19DE}.ReleaseEmf|x64.ActiveCfg = Release|x64
		{DF41E588-87A6-46EE-A140-68A1568F19DE}.ReleaseEmf|x64.Build.0 = Release|x64
		{DF41E588-87A6-46EE-A140-68A1568F19DE}.ReleaseSvg|Win32.ActiveCfg = Release|Win32
		{DF41E588-87A6-46EE-A140-68A1568F19DE}.ReleaseSvg|Win32.Build.0 = Release|Win32
		{DF41E588-87A6-46EE-A140-68A1568F19DE}.ReleaseSvg|x64.ActiveCfg = Release|x64
		{DF41E588-87A6-46EE-A140-68A1568F19DE}.ReleaseSvg|x64.Build.0 = Release|x64
		{DF41E588-87A6-46EE-A140-68A1568F19DE}.ReleaseWmf|Win32.ActiveCfg = Release|Win32
		{DF41E588-87A6-46EE-A140-68A1568F19DE}.ReleaseWmf|Win32.Build.0 = Release|Win32
		{DF41E588-87A6-46EE-A140-68A1568F19DE}.ReleaseWmf|x64.ActiveCfg = Release|x64
		{DF41E588-87A6-46EE-A140-68A1568F19DE}.ReleaseWmf|x64.Build.0 = Release|x64
		{DF41E588-87A6-46EE-A140-68A1568F19DE}.ReleaseWpg|Win32.ActiveCfg = Release|Win32
		{DF41E588-87A6-46EE-A140-68A1568F19DE}.ReleaseWpg|Win32.Build.0 = Release|Win32
		{DF41E588-87A6-46EE-A140-68A1568F19DE}.ReleaseWpg|x64.ActiveCfg = Release|x64
		{DF41E588-87A6-46EE-A140-68A1568F19DE}.ReleaseWpg|x64.Build.0 = Release|x64
		{B5F43A54-7587-4FC4-8A21-EF5014C17A11}.Debug|Win32.ActiveCfg = Debug|Win32
		{B5F43A54-7587-4FC4-8A21-EF5014C17A11}.Debug|Win32.Build.0 = Debug|Win32
		{B5F43A54-7587-4FC4-8A21-EF5014C17A11}.Debug|x64.ActiveCfg = Debug|x64
		{B5F43A54-7587-4FC4-8A21-EF5014C17A11}.Debug|x64.Build.0 = Debug|x64
		{B5F43A54-7587-4FC4-8A21-EF5014C17A11}.Release|Win32.ActiveCfg = Release|Win32
		{B5F43A54-7587-4FC4-8A21-EF5014C17A11}.Release|Win32.Build.0 = Release|Win32
		{B5F43A54-7587-4FC4-8A21-EF5014C17A11}.Release|x64.ActiveCfg = Release|x64
		{B5F43A54-7587-4FC4-8A21-EF5014C17A11}.Release|x64.Build.0 = Release|x64
		{B5F43A54-7587-4FC4-8A21-EF5014C17A11}.ReleaseCdr|Win32.ActiveCfg = Release|Win32
		{B5F43A54-7587-4FC4-8A21-EF5014C17A11}.ReleaseCdr|Win32.Build.0 = Release|Win32
		{B5F43A54-7587-4FC4-8A21-EF5014C17A11}.ReleaseCdr|x64.ActiveCfg = Release|x64
		{B5F43A54-7587-4FC4-8A21-EF5014C17A11}.ReleaseCdr|x64.Build.0 = Release|x64
		{B5F43A54-7587-4FC4-8A21-EF5014C17A11}.ReleaseEmf|Win32.ActiveCfg = Release|Win32
		{B5F43A54-7587-4FC4-8A21-EF5014C17A11}.ReleaseEmf|Win32.Build.0 = Release|Win32
		{B5F43A54-7587-4FC4-8A21-EF5014C17A11}.ReleaseEmf|x64.ActiveCfg = Release|x64
		{B5F43A54-7587-4FC4-8A21-EF5014C17A11}.ReleaseEmf|x64.Build.0 = Release|x64
		{B5F43A54-7587-4FC4-8A21-EF5014C17A11}.ReleaseSvg|Win32.ActiveCfg = Release|Win32
		{B5F43A54-7587-4FC4-8A21-EF5014C17A11}.ReleaseSvg|Win32.Build.0 = Release|Win32
		{B5F43A54-7587-4FC4-8A21-EF5014C17A11}.ReleaseSvg|x64.ActiveCfg = Release|x64
		{B5F43A54-7587-4FC4-8A21-EF5014C17A11}.ReleaseSvg|x64.Build.0 = Release|x64
		{B5F43A54-7587-4FC4-8A21-EF5014C17A11}.ReleaseWmf|Win32.ActiveCfg = Release|Win32
		{B5F43A54-7587-4FC4-8A21-EF5014C17A11}.ReleaseWmf|Win32.Build.0 = Release|Win32
		{B5F43A54-7587-4FC4-8A21-EF5014C17A11}.ReleaseWmf|x64.ActiveCfg = Release|x64
		{B5F43A54-7587-4FC4-8A21-EF5014C17A11}.ReleaseWmf|x64.Build.0 = Release|x64
		{B5F43A54-7587-4FC4-8A21-EF5014C17A11}.ReleaseWpg|Win32.ActiveCfg = Release|Win32
		{B5F43A54-7587-4FC4-8A21-EF5014C17A11}.ReleaseWpg|Win32.Build.0 = Release|Win32
		{B5F43A54-7587-4FC4-8A21-EF5014C17A11}.ReleaseWpg|x64.ActiveCfg = Release|x64
		{B5F43A54-7587-4FC4-8A21-EF5014C17A11}.ReleaseWpg|x64.Build.0 = Release|x64
		{A1DEFD68-C926-410F-B47C-9CFA848A89F5}.Debug|Win32.ActiveCfg = Debug|Win32
		{A1DEFD68-C926-410F-B47C-9CFA848A89F5}.Debug|Win32.Build.0 = Debug|Win32
		{A1DEFD68-C926-410F-B47C-9CFA848A89F5}.Debug|x64.ActiveCfg = Debug|x64
		{A1DEFD68-C926-410F-B47C-9CFA848A89F5}.Debug|x64.Build.0 = Debug|x64
		{A1DEFD68-C926-410F-B47C-9CFA848A89F5}.Release|Win32.ActiveCfg = Release|Win32
		{A1DEFD68-C926-410F-B47C-9CFA848A89F5}.Release|Win32.Build.0 = Release|Win32
		{A1DEFD68-C926-410F-B47C-9CFA848A89F5}.Release|x64.ActiveCfg = Release|x64
		{A1DEFD68-C926-410F-B47C-9CFA848A89F5}.Release|x64.Build.0 = Release|x64
		{A1DEFD68-C926-410F-B47C-9CFA848A89F5}.ReleaseCdr|Win32.ActiveCfg = Release|Win32
		{A1DEFD68-C926-410F-B47C-9CFA848A89F5}.ReleaseCdr|Win32.Build.0 = Release|Win32
		{A1DEFD68-C926-410F-B47C-9CFA848A89F5}.ReleaseCdr|x64.ActiveCfg = Release|x64
		{A1DEFD68-C926-410F-B47C-9CFA848A89F5}.ReleaseCdr|x64.Build.0 = Release|x64
		{A1DEFD68-C926-410F-B47C-9CFA848A89F5}.ReleaseEmf|Win32.ActiveCfg = Release|Win32
		{A1DEFD68-C926-410F-B47C-9CFA848A89F5}.ReleaseEmf|Win32.Build.0 = Release|Win32
		{A1DEFD68-C926-410F-B47C-9CFA848A89F5}.ReleaseEmf|x64.ActiveCfg = Release|x64
		{A1DEFD68-C926-410F-B47C-9CFA848A89F5}.ReleaseEmf|x64.Build.0 = Release|x64
		{A1DEFD68-C926-410F-B47C-9CFA848A89F5}.ReleaseSvg|Win32.ActiveCfg = Release|Win32
		{A1DEFD68-C926-410F-B47C-9CFA848A89F5}.ReleaseSvg|Win32.Build.0 = Release|Win32
		{A1DEFD68-C926-410F-B47C-9CFA848A89F5}.ReleaseSvg|x64.ActiveCfg = Release|x64
		{A1DEFD68-C926-410F-B47C-9CFA848A89F5}.ReleaseSvg|x64.Build.0 = Release|x64
		{A1DEFD68-C926-410F-B47C-9CFA848A89F5}.ReleaseWmf|Win32.ActiveCfg = Release|Win32
		{A1DEFD68-C926-410F-B47C-9CFA848A89F5}.ReleaseWmf|Win32.Build.0 = Release|Win32
		{A1DEFD68-C926-410F-B47C-9CFA848A89F5}.ReleaseWmf|x64.ActiveCfg = Release|x64
		{A1DEFD68-C926-410F-B47C-9CFA848A89F5}.ReleaseWmf|x64.Build.0 = Release|x64
		{A1DEFD68-C926-410F-B47C-9CFA848A89F5}.ReleaseWpg|Win32.ActiveCfg = Release|Win32
		{A1DEFD68-C926-410F-B47C-9CFA848A89F5}.ReleaseWpg|Win32.Build.0 = Release|Win32
		{A1DEFD68-C926-410F-B47C-9CFA848A89F5}.ReleaseWpg|x64.ActiveCfg = Release|x64
		{A1DEFD68-C926-410F-B47C-9CFA848A89F5}.ReleaseWpg|x64.Build.0 = Release|x64
		{3BAE633F-ED04-453B-88B4-201E4EBE88A7}.Debug|Win32.ActiveCfg = Debug|Win32
		{3BAE633F-ED04-453B-88B4-201E4EBE88A7}.Debug|Win32.Build.0 = Debug|Win32
		{3BAE633F-ED04-453B-88B4-201E4EBE88A7}.Debug|x64.ActiveCfg = Debug|x64
		{3BAE633F-ED04-453B-88B4-201E4EBE88A7}.Debug|x64.Build.0 = Debug|x64
		{3BAE633F-ED04-453B-88B4-201E4EBE88A7}.Release|Win32.ActiveCfg = Release|Win32
		{3BAE633F-ED04-453B-88B4-201E4EBE88A7}.Release|Win32.Build.0 = Release|Win32
		{3BAE633F-ED04-453B-88B4-201E4EBE88A7}.Release|x64.ActiveCfg = Release|x64
		{3BAE633F-ED04-453B-88B4-201E4EBE88A7}.Release|x64.Build.0 = Release|x64
		{3BAE633F-ED04-453B-88B4-201E4EBE88A7}.ReleaseCdr|Win32.ActiveCfg = Release|Win32
		{3BAE633F-ED04-453B-88B4-201E4EBE88A7}.ReleaseCdr|Win32.Build.0 = Release|Win32
		{3BAE633F-ED04-453B-88B4-201E4EBE88A7}.ReleaseCdr|x64.ActiveCfg = Release|x64
		{3BAE633F-ED04-453B-88B4-201E4EBE88A7}.ReleaseCdr|x64.Build.0 = Release|x64
		{3BAE633F-ED04-453B-88B4-201E4EBE88A7}.ReleaseEmf|Win32.ActiveCfg = Release|Win32
		{3BAE633F-ED04-453B-88B4-201E4EBE88A7}.ReleaseEmf|Win32.Build.0 = Release|Win32
		{3BAE633F-ED04-453B-88B4-201E4EBE88A7}.ReleaseEmf|x64.ActiveCfg = Release|x64
		{3BAE633F-ED04-453B-88B4-201E4EBE88A7}.ReleaseEmf|x64.Build.0 = Release|x64
		{3BAE633F-ED04-453B-88B4-201E4EBE88A7}.ReleaseSvg|Win32.ActiveCfg = Release|Win32
		{3BAE633F-ED04-453B-88B4-201E4EBE88A7}.ReleaseSvg|Win32.Build.0 = Release|Win32
		{3BAE633F-ED04-453B-88B4-201E4EBE88A7}.ReleaseSvg|x64.ActiveCfg = Release|x64
		{3BAE633F-ED04-453B-88B4-201E4EBE88A7}.ReleaseSvg|x64.Build.0 = Release|x64
		{3BAE633F-ED04-453B-88B4-201E4EBE88A7}.ReleaseWmf|Win32.ActiveCfg = Release|Win32
		{3BAE633F-ED04-453B-88B4-201E4EBE88A7}.ReleaseWmf|Win32.Build.0 = Release|Win32
		{3BAE633F-ED04-453B-88B4-201E4EBE88A7}.ReleaseWmf|x64.ActiveCfg = Release|x64
		{3BAE633F-ED04-453B-88B4-201E4EBE88A7}.ReleaseWmf|x64.Build.0 = Release|x64
		{3BAE633F-ED04-453B-88B4-201E4EBE88A7}.ReleaseWpg|Win32.ActiveCfg = Release|Win32
		{3BAE633F-ED04-453B-88B4-201E4EBE88A7}.ReleaseWpg|Win32.Build.0 = Release|Win32
		{3BAE633F-ED04-453B-88B4-201E4EBE88A7}.ReleaseWpg|x64.ActiveCfg = Release|x64
		{3BAE633F-ED04-453B-88B4-201E4EBE88A7}.ReleaseWpg|x64.Build.0 = Release|x64
		{1F6924BE-2FA2-4D57-9E37-A233E26BB03B}.Debug|Win32.ActiveCfg = Debug|Win32
		{1F6924BE-2FA2-4D57-9E37-A233E26BB03B}.Debug|Win32.Build.0 = Debug|Win32
		{1F6924BE-2FA2-4D57-9E37-A233E26BB03B}.Debug|x64.ActiveCfg = Debug|x64
		{1F6924BE-2FA2-4D57-9E37-A233E26BB03B}.Debug|x64.Build.0 = Debug|x64
		{1F6924BE-2FA2-4D57-9E37-A233E26BB03B}.Release|Win32.ActiveCfg = Release|Win32
		{1F6924BE-2FA2-4D57-9E37-A233E26BB03B}.Release|Win32.Build.0 = Release|Win32
		{1F6924BE-2FA2-4D57-9E37-A233E26BB03B}.Release|x64.ActiveCfg = Release|x64
		{1F6924BE-2FA2-4D57-9E37-A233E26BB03B}.Release|x64.Build.0 = Release|x64
		{1F6924BE-2FA2-4D57-9E37-A233E26BB03B}.ReleaseCdr|Win32.ActiveCfg = Release|Win32
		{1F6924BE-2FA2-4D57-9E37-A233E26BB03B}.ReleaseCdr|Win32.Build.0 = Release|Win32
		{1F6924BE-2FA2-4D57-9E37-A233E26BB03B}.ReleaseCdr|x64.ActiveCfg = Release|x64
		{1F6924BE-2FA2-4D57-9E37-A233E26BB03B}.ReleaseCdr|x64.Build.0 = Release|x64
		{1F6924BE-2FA2-4D57-9E37-A233E26BB03B}.ReleaseEmf|Win32.ActiveCfg = Release|Win32
		{1F6924BE-2FA2-4D57-9E37-A233E26BB03B}.ReleaseEmf|Win32.Build.0 = Release|Win32
		{1F6924BE-2FA2-4D57-9E37-A233E26BB03B}.ReleaseEmf|x64.ActiveCfg = Release|x64
		{1F6924BE-2FA2-4D57-9E37-A233E26BB03B}.ReleaseEmf|x64.Build.0 = Release|x64
		{1F6924BE-2FA2-4D57-9E37-A233E26BB03B}.ReleaseSvg|Win32.ActiveCfg = Release|Win32
		{1F6924BE-2FA2-4D57-9E37-A233E26BB03B}.ReleaseSvg|Win32.Build.0 = Release|Win32
		{1F6924BE-2FA2-4D57-9E37-A233E26BB03B}.ReleaseSvg|x64.ActiveCfg = Release|x64
		{1F6924BE-2FA2-4D57-9E37-A233E26BB03B}.ReleaseSvg|x64.Build.0 = Release|x64
		{1F6924BE-2FA2-4D57-9E37-A233E26BB03B}.ReleaseWmf|Win32.ActiveCfg = Release|Win32
		{1F6924BE-2FA2-4D57-9E37-A233E26BB03B}.ReleaseWmf|Win32.Build.0 = Release|Win32
		{1F6924BE-2FA2-4D57-9E37-A233E26BB03B}.ReleaseWmf|x64.ActiveCfg = Release|x64
		{1F6924BE-2FA2-4D57-9E37-A233E26BB03B}.ReleaseWmf|x64.Build.0 = Release|x64
		{1F6924BE-2FA2-4D57-9E37-A233E26BB03B}.ReleaseWpg|Win32.ActiveCfg = Release|Win32
		{1F6924BE-2FA2-4D57-9E37-A233E26BB03B}.ReleaseWpg|Win32.Build.0 = Release|Win32
		{1F6924BE-2FA2-4D57-9E37-A233E26BB03B}.ReleaseWpg|x64.ActiveCfg = Release|x64
		{1F6924BE-2FA2-4D57-9E37-A233E26BB03B}.ReleaseWpg|x64.Build.0 = Release|x64
		{DE1EC586-A5B8-4994-A062-09D3A6E1F97F}.Debug|Win32.ActiveCfg = Debug|Win32
		{DE1EC586-A5B8-4994-A062-09D3A6E1F97F}.Debug|Win32.Build.0 = Debug|Win32
		{DE1EC586-A5B8-4994-A062-09D3A6E1F97F}.Debug|x64.ActiveCfg = Debug|x64
		{DE1EC586-A5B8-4994-A062-09D3A6E1F97F}.Debug|x64.Build.0 = Debug|x64
		{DE1EC586-A5B8-4994-A062-09D3A6E1F97F}.Release|Win32.ActiveCfg = Release|Win32
		{DE1EC586-A5B8-4994-A062-09D3A6E1F97F}.Release|Win32.Build.0 = Release|Win32
		{DE1EC586-A5B8-4994-A062-09D3A6E1F97F}.Release|x64.ActiveCfg = Release|x64
		{DE1EC586-A5B8-4994-A062-09D3A6E1F97F}.Release|x64.Build.0 = Release|x64
		{DE1EC586-A5B8-4994-A062-09D3A6E1F97F}.ReleaseCdr|Win32.ActiveCfg = Release|Win32
		{DE1EC586-A5B8-4994-A062-09D3A6E1F97F}.ReleaseCdr|Win32.Build.0 = Release|Win32
		{DE1EC586-A5B8-4994-A062-09D3A6E1F97F}.ReleaseCdr|x64.ActiveCfg = Release|x64
		{DE1EC586-A5B8-4994-A062-09D3A6E1F97F}.ReleaseCdr|x64.Build.0 = Release|x64
		{DE1EC586-A5B8-4994-A062-09D3A6E1F97F}.ReleaseEmf|Win32.ActiveCfg = Release|Win32
		{DE1EC586-A5B8-4994-A062-09D3A6E1F97F}.ReleaseEmf|Win32.Build.0 = Release|Win32
		{DE1EC586-A5B8-4994-A062-09D3A6E1F97F}.ReleaseEmf|x64.ActiveCfg = Release|x64
		{DE1EC586-A5B8-4994-A062-09D3A6E1F97F}.ReleaseEmf|x64.Build.0 = Release|x64
		{DE1EC586-A5B8-4994-A062-09D3A6E1F97F}.ReleaseSvg|Win32.ActiveCfg = Release|Win32
		{DE1EC586-A5B8-4994-A062-09D3A6E1F97F}.ReleaseSvg|Win32.Build.0 = Release|Win32
		{DE1EC586-A5B8-4994-A062-09D3A6E1F97F}.ReleaseSvg|x64.ActiveCfg = Release|x64
		{DE1EC586-A5B8-4994-A062-09D3A6E1F97F}.ReleaseSvg|x64.Build.0 = Release|x64
		{DE1EC586-A5B8-4994-A062-09D3A6E1F97F}.ReleaseWmf|Win32.ActiveCfg = Release|Win32
		{DE1EC586-A5B8-4994-A062-09D3A6E1F97F}.ReleaseWmf|Win32.Build.0 = Release|Win32
		{DE1EC586-A5B8-4994-A062-09D3A6E1F97F}.ReleaseWmf|x64.ActiveCfg = Release|x64
		{DE1EC586-A5B8-4994-A062-09D3A6E1F97F}.ReleaseWmf|x64.Build.0 = Release|x64
		{DE1EC586-A5B8-4994-A062-09D3A6E1F97F}.ReleaseWpg|Win32.ActiveCfg = Release|Win32
		{DE1EC586-A5B8-4994-A062-09D3A6E1F97F}.ReleaseWpg|Win32.Build.0 = Release|Win32
		{DE1EC586-A5B8-4994-A062-09D3A6E1F97F}.ReleaseWpg|x64.ActiveCfg = Release|x64
		{DE1EC586-A5B8-4994-A062-09D3A6E1F97F}.ReleaseWpg|x64.Build.0 = Release|x64
		{554C5CA7-CBBE-4E8F-93A1-CB3B65ED7416}.Debug|Win32.ActiveCfg = Debug|Win32
		{554C5CA7-CBBE-4E8F-93A1-CB3B65ED7416}.Debug|Win32.Build.0 = Debug|Win32
		{554C5CA7-CBBE-4E8F-93A1-CB3B65ED7416}.Debug|x64.ActiveCfg = Debug|x64
		{554C5CA7-CBBE-4E8F-93A1-CB3B65ED7416}.Debug|x64.Build.0 = Debug|x64
		{554C5CA7-CBBE-4E8F-93A1-CB3B65ED7416}.Release|Win32.ActiveCfg = Release|Win32
		{554C5CA7-CBBE-4E8F-93A1-CB3B65ED7416}.Release|Win32.Build.0 = Release|Win32
		{554C5CA7-CBBE-4E8F-93A1-CB3B65ED7416}.Release|x64.ActiveCfg = Release|x64
		{554C5CA7-CBBE-4E8F-93A1-CB3B65ED7416}.Release|x64.Build.0 = Release|x64
		{554C5CA7-CBBE-4E8F-93A1-CB3B65ED7416}.ReleaseCdr|Win32.ActiveCfg = Release|Win32
		{554C5CA7-CBBE-4E8F-93A1-CB3B65ED7416}.ReleaseCdr|Win32.Build.0 = Release|Win32
		{554C5CA7-CBBE-4E8F-93A1-CB3B65ED7416}.ReleaseCdr|x64.ActiveCfg = Release|x64
		{554C5CA7-CBBE-4E8F-93A1-CB3B65ED7416}.ReleaseCdr|x64.Build.0 = Release|x64
		{554C5CA7-CBBE-4E8F-93A1-CB3B65ED7416}.ReleaseEmf|Win32.ActiveCfg = Release|Win32
		{554C5CA7-CBBE-4E8F-93A1-CB3B65ED7416}.ReleaseEmf|Win32.Build.0 = Release|Win32
		{554C5CA7-CBBE-4E8F-93A1-CB3B65ED7416}.ReleaseEmf|x64.ActiveCfg = Release|x64
		{554C5CA7-CBBE-4E8F-93A1-CB3B65ED7416}.ReleaseEmf|x64.Build.0 = Release|x64
		{554C5CA7-CBBE-4E8F-93A1-CB3B65ED7416}.ReleaseSvg|Win32.ActiveCfg = Release|Win32
		{554C5CA7-CBBE-4E8F-93A1-CB3B65ED7416}.ReleaseSvg|Win32.Build.0 = Release|Win32
		{554C5CA7-CBBE-4E8F-93A1-CB3B65ED7416}.ReleaseSvg|x64.ActiveCfg = Release|x64
		{554C5CA7-CBBE-4E8F-93A1-CB3B65ED7416}.ReleaseSvg|x64.Build.0 = Release|x64
		{554C5CA7-CBBE-4E8F-93A1-CB3B65ED7416}.ReleaseWmf|Win32.ActiveCfg = Release|Win32
		{554C5CA7-CBBE-4E8F-93A1-CB3B65ED7416}.ReleaseWmf|Win32.Build.0 = Release|Win32
		{554C5CA7-CBBE-4E8F-93A1-CB3B65ED7416}.ReleaseWmf|x64.ActiveCfg = Release|x64
		{554C5CA7-CBBE-4E8F-93A1-CB3B65ED7416}.ReleaseWmf|x64.Build.0 = Release|x64
		{554C5CA7-CBBE-4E8F-93A1-CB3B65ED7416}.ReleaseWpg|Win32.ActiveCfg = Release|Win32
		{554C5CA7-CBBE-4E8F-93A1-CB3B65ED7416}.ReleaseWpg|Win32.Build.0 = Release|Win32
		{554C5CA7-CBBE-4E8F-93A1-CB3B65ED7416}.ReleaseWpg|x64.ActiveCfg = Release|x64
		{554C5CA7-CBBE-4E8F-93A1-CB3B65ED7416}.ReleaseWpg|x64.Build.0 = Release|x64
		{88697FE0-2E9F-11E3-AA6E-0800200C9A66}.Debug|Win32.ActiveCfg = Debug|Win32
		{88697FE0-2E9F-11E3-AA6E-0800200C9A66}.Debug|Win32.Build.0 = Debug|Win32
		{88697FE0-2E9F-11E3-AA6E-0800200C9A66}.Debug|x64.ActiveCfg = Debug|x64
		{88697FE0-2E9F-11E3-AA6E-0800200C9A66}.Debug|x64.Build.0 = Debug|x64
		{88697FE0-2E9F-11E3-AA6E-0800200C9A66}.Release|Win32.ActiveCfg = Release|Win32
		{88697FE0-2E9F-11E3-AA6E-0800200C9A66}.Release|Win32.Build.0 = Release|Win32
		{88697FE0-2E9F-11E3-AA6E-0800200C9A66}.Release|x64.ActiveCfg = Release|x64
		{88697FE0-2E9F-11E3-AA6E-0800200C9A66}.Release|x64.Build.0 = Release|x64
		{88697FE0-2E9F-11E3-AA6E-0800200C9A66}.ReleaseCdr|Win32.ActiveCfg = Release|Win32
		{88697FE0-2E9F-11E3-AA6E-0800200C9A66}.ReleaseCdr|Win32.Build.0 = Release|Win32
		{88697FE0-2E9F-11E3-AA6E-0800200C9A66}.ReleaseCdr|x64.ActiveCfg = Release|x64
		{88697FE0-2E9F-11E3-AA6E-0800200C9A66}.ReleaseCdr|x64.Build.0 = Release|x64
		{88697FE0-2E9F-11E3-AA6E-0800200C9A66}.ReleaseEmf|Win32.ActiveCfg = Release|Win32
		{88697FE0-2E9F-11E3-AA6E-0800200C9A66}.ReleaseEmf|Win32.Build.0 = Release|Win32
		{88697FE0-2E9F-11E3-AA6E-0800200C9A66}.ReleaseEmf|x64.ActiveCfg = Release|x64
		{88697FE0-2E9F-11E3-AA6E-0800200C9A66}.ReleaseEmf|x64.Build.0 = Release|x64
		{88697FE0-2E9F-11E3-AA6E-0800200C9A66}.ReleaseSvg|Win32.ActiveCfg = Release|Win32
		{88697FE0-2E9F-11E3-AA6E-0800200C9A66}.ReleaseSvg|Win32.Build.0 = Release|Win32
		{88697FE0-2E9F-11E3-AA6E-0800200C9A66}.ReleaseSvg|x64.ActiveCfg = Release|x64
		{88697FE0-2E9F-11E3-AA6E-0800200C9A66}.ReleaseSvg|x64.Build.0 = Release|x64
		{88697FE0-2E9F-11E3-AA6E-0800200C9A66}.ReleaseWmf|Win32.ActiveCfg = Release|Win32
		{88697FE0-2E9F-11E3-AA6E-0800200C9A66}.ReleaseWmf|Win32.Build.0 = Release|Win32
		{88697FE0-2E9F-11E3-AA6E-0800200C9A66}.ReleaseWmf|x64.ActiveCfg = Release|x64
		{88697FE0-2E9F-11E3-AA6E-0800200C9A66}.ReleaseWmf|x64.Build.0 = Release|x64
		{88697FE0-2E9F-11E3-AA6E-0800200C9A66}.ReleaseWpg|Win32.ActiveCfg = Release|Win32
		{88697FE0-2E9F-11E3-AA6E-0800200C9A66}.ReleaseWpg|Win32.Build.0 = Release|Win32
		{88697FE0-2E9F-11E3-AA6E-0800200C9A66}.ReleaseWpg|x64.ActiveCfg = Release|x64
		{88697FE0-2E9F-11E3-AA6E-0800200C9A66}.ReleaseWpg|x64.Build.0 = Release|x64
		{A40B5201-F2DA-4F82-8279-770C3E77457E}.Debug|Win32.ActiveCfg = Debug|Win32
		{A40B5201-F2DA-4F82-8279-770C3E77457E}.Debug|Win32.Build.0 = Debug|Win32
		{A40B5201-F2DA-4F82-8279-770C3E77457E}.Debug|x64.ActiveCfg = Debug|x64
		{A40B5201-F2DA-4F82-8279-770C3E77457E}.Debug|x64.Build.0 = Debug|x64
		{A40B5201-F2DA-4F82-8279-770C3E77457E}.Release|Win32.ActiveCfg = Release|Win32
		{A40B5201-F2DA-4F82-8279-770C3E77457E}.Release|Win32.Build.0 = Release|Win32
		{A40B5201-F2DA-4F82-8279-770C3E77457E}.Release|x64.ActiveCfg = Release|x64
		{A40B5201-F2DA-4F82-8279-770C3E77457E}.Release|x64.Build.0 = Release|x64
		{A40B5201-F2DA-4F82-8279-770C3E77457E}.ReleaseCdr|Win32.ActiveCfg = Release|Win32
		{A40B5201-F2DA-4F82-8279-770C3E77457E}.ReleaseCdr|Win32.Build.0 = Release|Win32
		{A40B5201-F2DA-4F82-8279-770C3E77457E}.ReleaseCdr|x64.ActiveCfg = Release|x64
		{A40B5201-F2DA-4F82-8279-770C3E77457E}.ReleaseCdr|x64.Build.0 = Release|x64
		{A40B5201-F2DA-4F82-8279-770C3E77457E}.ReleaseEmf|Win32.ActiveCfg = Release|Win32
		{A40B5201-F2DA-4F82-8279-770C3E77457E}.ReleaseEmf|Win32.Build.0 = Release|Win32
		{A40B5201-F2DA-4F82-8279-770C3E77457E}.ReleaseEmf|x64.ActiveCfg = Release|x64
		{A40B5201-F2DA-4F82-8279-770C3E77457E}.ReleaseEmf|x64.Build.0 = Release|x64
		{A40B5201-F2DA-4F82-8279-770C3E77457E}.ReleaseSvg|Win32.ActiveCfg = Release|Win32
		{A40B5201-F2DA-4F82-8279-770C3E77457E}.ReleaseSvg|Win32.Build.0 = Release|Win32
		{A40B5201-F2DA-4F82-8279-770C3E77457E}.ReleaseSvg|x64.ActiveCfg = Release|x64
		{A40B5201-F2DA-4F82-8279-770C3E77457E}.ReleaseSvg|x64.Build.0 = Release|x64
		{A40B5201-F2DA-4F82-8279-770C3E77457E}.ReleaseWmf|Win32.ActiveCfg = Release|Win32
		{A40B5201-F2DA-4F82-8279-770C3E77457E}.ReleaseWmf|Win32.Build.0 = Release|Win32
		{A40B5201-F2DA-4F82-8279-770C3E77457E}.ReleaseWmf|x64.ActiveCfg = Release|x64
		{A40B5201-F2DA-4F82-8279-770C3E77457E}.ReleaseWmf|x64.Build.0 = Release|x64
		{A40B5201-F2DA-4F82-8279-770C3E77457E}.ReleaseWpg|Win32.ActiveCfg = Release|Win32
		{A40B5201-F2DA-4F82-8279-770C3E77457E}.ReleaseWpg|Win32.Build.0 = Release|Win32
		{A40B5201-F2DA-4F82-8279-770C3E77457E}.ReleaseWpg|x64.ActiveCfg = Release|x64
		{A40B5201-F2DA-4F82-8279-770C3E77457E}.ReleaseWpg|x64.Build.0 = Release|x64
	EndGlobalSection
	GlobalSection(SolutionProperties) = preSolution
		HideSolutionNode = FALSE
	EndGlobalSection
EndGlobal
