<?xml version="1.0" encoding="utf-8"?>
<Project ToolsVersion="4.0" xmlns="http://schemas.microsoft.com/developer/msbuild/2003">
  <ItemGroup>
    <Filter Include="Source Files">
      <UniqueIdentifier>{4FC737F1-C7A5-4376-A066-2A32D752A2FF}</UniqueIdentifier>
      <Extensions>cpp;c;cc;cxx;def;odl;idl;hpj;bat;asm;asmx</Extensions>
    </Filter>
    <Filter Include="Header Files">
      <UniqueIdentifier>{93995380-89BD-4b04-88EB-625FBE52EBFB}</UniqueIdentifier>
      <Extensions>h;hpp;hxx;hm;inl;inc;xsd</Extensions>
    </Filter>
    <Filter Include="Resource Files">
      <UniqueIdentifier>{acce335e-eda4-4db3-b21b-114688606db1}</UniqueIdentifier>
      <Extensions>rc;r</Extensions>
    </Filter>
    <Filter Include="Source Files\Windows">
      <UniqueIdentifier>{d0ebac0e-8012-44d4-a3fc-6f96c6bb2684}</UniqueIdentifier>
    </Filter>
    <Filter Include="Header Files\Windows">
      <UniqueIdentifier>{5a59626f-a697-4288-98ca-38902eb6c317}</UniqueIdentifier>
    </Filter>
  </ItemGroup>
  <ItemGroup>
    <ClCompile Include="..\..\vector-ps\vector-ps.cpp">
      <Filter>Source Files</Filter>
    </ClCompile>
    <ClCompile Include="..\..\vector-ps\stdafx.cpp">
      <Filter>Source Files</Filter>
    </ClCompile>
    <ClCompile Include="..\..\vector-ps\common.cpp">
      <Filter>Source Files</Filter>
    </ClCompile>
    <ClCompile Include="..\..\vector-ps\win\about_dialog.cpp">
      <Filter>Source Files\Windows</Filter>
    </ClCompile>
    <ClCompile Include="..\..\vector-ps\win\settings_dialog.cpp">
      <Filter>Source Files\Windows</Filter>
    </ClCompile>
    <ClCompile Include="..\..\vector-ps\win\ui_win.cpp">
      <Filter>Source Files\Windows</Filter>
    </ClCompile>
    <ClCompile Include="..\..\vector-ps\vector-ps-prf.cpp">
      <Filter>Source Files</Filter>
    </ClCompile>
    <ClCompile Include="..\..\vector-ps\ui.cpp">
      <Filter>Source Files</Filter>
    </ClCompile>
    <ClCompile Include="..\..\vector-ps\version.cpp">
      <Filter>Source Files</Filter>
    </ClCompile>
  </ItemGroup>
  <ItemGroup>
    <ClInclude Include="..\..\vector-ps\stdafx.h">
      <Filter>Header Files</Filter>
    </ClInclude>
    <ClInclude Include="..\..\vector-ps\ui.h">
      <Filter>Header Files</Filter>
    </ClInclude>
    <ClInclude Include="..\..\vector-ps\version.h">
      <Filter>Header Files</Filter>
    </ClInclude>
    <ClInclude Include="..\..\vector-ps\win\about_dialog.h">
      <Filter>Header Files\Windows</Filter>
    </ClInclude>
    <ClInclude Include="..\..\vector-ps\win\settings_dialog.h">
      <Filter>Header Files\Windows</Filter>
    </ClInclude>
    <ClInclude Include="..\..\vector-ps\win\ui_win.h">
      <Filter>Header Files\Windows</Filter>
    </ClInclude>
    <ClInclude Include="..\..\vector-ps\win\gdi_object.h">
      <Filter>Header Files\Windows</Filter>
    </ClInclude>
    <ClInclude Include="..\..\vector-ps\win\resource.h">
      <Filter>Header Files</Filter>
    </ClInclude>
    <ClInclude Include="..\..\vector-ps\vector-ps-prf.h">
      <Filter>Header Files</Filter>
    </ClInclude>
    <ClInclude Include="..\..\vector-ps\suite.h">
      <Filter>Header Files</Filter>
    </ClInclude>
  </ItemGroup>
  <ItemGroup>
    <None Include="..\..\vector-ps\res\bg.bmp">
      <Filter>Resource Files</Filter>
    </None>
    <None Include="..\..\vector-ps\res\size.cur">
      <Filter>Resource Files</Filter>
    </None>
    <None Include="..\..\vector-ps\res\size_link.ico">
      <Filter>Resource Files</Filter>
    </None>
    <None Include="..\..\vector-ps\res\sRGB.icm">
      <Filter>Resource Files</Filter>
    </None>
  </ItemGroup>
  <ItemGroup>
    <CustomBuild Include="..\..\vector-ps\vector-ps.r">
      <Filter>Resource Files</Filter>
    </CustomBuild>
    <CustomBuild Include="..\..\vector-ps\vector-ps-wmf.r">
      <Filter>Resource Files</Filter>
    </CustomBuild>
    <CustomBuild Include="..\..\vector-ps\vector-ps-svg.r">
      <Filter>Resource Files</Filter>
    </CustomBuild>
    <CustomBuild Include="..\..\vector-ps\vector-ps-emf.r">
      <Filter>Resource Files</Filter>
    </CustomBuild>
    <CustomBuild Include="..\..\vector-ps\vector-ps-wpg.r">
      <Filter>Resource Files</Filter>
    </CustomBuild>
    <CustomBuild Include="..\..\vector-ps\vector-ps-cdr.r">
      <Filter>Resource Files</Filter>
    </CustomBuild>
  </ItemGroup>
  <ItemGroup>
    <ResourceCompile Include="..\..\vector-ps\win\vector-ps.rc">
      <Filter>Resource Files</Filter>
    </ResourceCompile>
  </ItemGroup>
</Project>